<?xml version="1.0" encoding="utf-8"?>
<Project ToolsVersion="4.0" xmlns="http://schemas.microsoft.com/developer/msbuild/2003">
  <ItemGroup>
    <Filter Include="Source Files">
      <UniqueIdentifier>{4FC737F1-C7A5-4376-A066-2A32D752A2FF}</UniqueIdentifier>
      <Extensions>cpp;c;cc;cxx;c++;cppm;ixx;def;odl;idl;hpj;bat;asm;asmx</Extensions>
    </Filter>
    <Filter Include="Header Files">
      <UniqueIdentifier>{93995380-89BD-4b04-88EB-625FBE52EBFB}</UniqueIdentifier>
      <Extensions>h;hh;hpp;hxx;h++;hm;inl;inc;ipp;xsd</Extensions>
    </Filter>
    <Filter Include="Resource Files">
      <UniqueIdentifier>{67DA6AB6-F800-4c08-8B7A-83BB121AAD01}</UniqueIdentifier>
      <Extensions>rc;ico;cur;bmp;dlg;rc2;rct;bin;rgs;gif;jpg;jpeg;jpe;resx;tiff;tif;png;wav;mfcribbon-ms</Extensions>
    </Filter>
  </ItemGroup>
  <ItemGroup>
    <ClCompile Include="src\sgpp\optimization\fuzzy\FuzzyExtensionPrinciple.cpp">
      <Filter>Source Files</Filter>
    </ClCompile>
    <ClCompile Include="src\sgpp\optimization\fuzzy\FuzzyExtensionPrincipleViaOptimization.cpp">
      <Filter>Source Files</Filter>
    </ClCompile>
    <ClCompile Include="src\sgpp\optimization\fuzzy\FuzzyExtensionPrincipleViaTransformation.cpp">
      <Filter>Source Files</Filter>
    </ClCompile>
    <ClCompile Include="src\sgpp\optimization\fuzzy\FuzzyExtensionPrincipleViaVertexMethod.cpp">
      <Filter>Source Files</Filter>
    </ClCompile>
    <ClCompile Include="src\sgpp\optimization\fuzzy\FuzzyInterval.cpp">
      <Filter>Source Files</Filter>
    </ClCompile>
    <ClCompile Include="src\sgpp\optimization\fuzzy\FuzzyIntervalViaConfidenceInterval.cpp">
      <Filter>Source Files</Filter>
    </ClCompile>
    <ClCompile Include="src\sgpp\optimization\fuzzy\FuzzyIntervalViaMembershipFunction.cpp">
      <Filter>Source Files</Filter>
    </ClCompile>
    <ClCompile Include="src\sgpp\optimization\fuzzy\InterpolatedFuzzyInterval.cpp">
      <Filter>Source Files</Filter>
    </ClCompile>
    <ClCompile Include="src\sgpp\optimization\fuzzy\QuasiGaussianFuzzyNumber.cpp">
      <Filter>Source Files</Filter>
    </ClCompile>
    <ClCompile Include="src\sgpp\optimization\fuzzy\TriangularFuzzyInterval.cpp">
      <Filter>Source Files</Filter>
    </ClCompile>
    <ClCompile Include="src\sgpp\optimization\gridgen\IterativeGridGenerator.cpp">
      <Filter>Source Files</Filter>
    </ClCompile>
    <ClCompile Include="src\sgpp\optimization\gridgen\IterativeGridGeneratorFuzzyRitterNovak.cpp">
      <Filter>Source Files</Filter>
    </ClCompile>
    <ClCompile Include="src\sgpp\optimization\gridgen\IterativeGridGeneratorLinearSurplus.cpp">
      <Filter>Source Files</Filter>
    </ClCompile>
    <ClCompile Include="src\sgpp\optimization\gridgen\IterativeGridGeneratorRitterNovak.cpp">
      <Filter>Source Files</Filter>
    </ClCompile>
    <ClCompile Include="src\sgpp\optimization\gridgen\IterativeGridGeneratorSOO.cpp">
      <Filter>Source Files</Filter>
    </ClCompile>
    <ClCompile Include="src\sgpp\optimization\operation\hash\OperationMultipleHierarchisationBspline.cpp">
      <Filter>Source Files</Filter>
    </ClCompile>
    <ClCompile Include="src\sgpp\optimization\operation\hash\OperationMultipleHierarchisationBsplineBoundary.cpp">
      <Filter>Source Files</Filter>
    </ClCompile>
    <ClCompile Include="src\sgpp\optimization\operation\hash\OperationMultipleHierarchisationBsplineClenshawCurtis.cpp">
      <Filter>Source Files</Filter>
    </ClCompile>
    <ClCompile Include="src\sgpp\optimization\operation\hash\OperationMultipleHierarchisationFundamentalNakSplineBoundary.cpp">
      <Filter>Source Files</Filter>
    </ClCompile>
    <ClCompile Include="src\sgpp\optimization\operation\hash\OperationMultipleHierarchisationFundamentalSpline.cpp">
      <Filter>Source Files</Filter>
    </ClCompile>
    <ClCompile Include="src\sgpp\optimization\operation\hash\OperationMultipleHierarchisationFundamentalSplineBoundary.cpp">
      <Filter>Source Files</Filter>
    </ClCompile>
    <ClCompile Include="src\sgpp\optimization\operation\hash\OperationMultipleHierarchisationLinear.cpp">
      <Filter>Source Files</Filter>
    </ClCompile>
    <ClCompile Include="src\sgpp\optimization\operation\hash\OperationMultipleHierarchisationLinearBoundary.cpp">
      <Filter>Source Files</Filter>
    </ClCompile>
    <ClCompile Include="src\sgpp\optimization\operation\hash\OperationMultipleHierarchisationLinearClenshawCurtis.cpp">
      <Filter>Source Files</Filter>
    </ClCompile>
    <ClCompile Include="src\sgpp\optimization\operation\hash\OperationMultipleHierarchisationLinearClenshawCurtisBoundary.cpp">
      <Filter>Source Files</Filter>
    </ClCompile>
    <ClCompile Include="src\sgpp\optimization\operation\hash\OperationMultipleHierarchisationModBspline.cpp">
      <Filter>Source Files</Filter>
    </ClCompile>
    <ClCompile Include="src\sgpp\optimization\operation\hash\OperationMultipleHierarchisationModBsplineClenshawCurtis.cpp">
      <Filter>Source Files</Filter>
    </ClCompile>
    <ClCompile Include="src\sgpp\optimization\operation\hash\OperationMultipleHierarchisationModFundamentalSpline.cpp">
      <Filter>Source Files</Filter>
    </ClCompile>
    <ClCompile Include="src\sgpp\optimization\operation\hash\OperationMultipleHierarchisationModLinear.cpp">
      <Filter>Source Files</Filter>
    </ClCompile>
    <ClCompile Include="src\sgpp\optimization\operation\hash\OperationMultipleHierarchisationModNakBspline.cpp">
      <Filter>Source Files</Filter>
    </ClCompile>
    <ClCompile Include="src\sgpp\optimization\operation\hash\OperationMultipleHierarchisationModWavelet.cpp">
      <Filter>Source Files</Filter>
    </ClCompile>
    <ClCompile Include="src\sgpp\optimization\operation\hash\OperationMultipleHierarchisationModWeaklyFundamentalNakSpline.cpp">
      <Filter>Source Files</Filter>
    </ClCompile>
    <ClCompile Include="src\sgpp\optimization\operation\hash\OperationMultipleHierarchisationNakBsplineBoundary.cpp">
      <Filter>Source Files</Filter>
    </ClCompile>
    <ClCompile Include="src\sgpp\optimization\operation\hash\OperationMultipleHierarchisationNaturalBsplineBoundary.cpp">
      <Filter>Source Files</Filter>
    </ClCompile>
    <ClCompile Include="src\sgpp\optimization\operation\hash\OperationMultipleHierarchisationWavelet.cpp">
      <Filter>Source Files</Filter>
    </ClCompile>
    <ClCompile Include="src\sgpp\optimization\operation\hash\OperationMultipleHierarchisationWaveletBoundary.cpp">
      <Filter>Source Files</Filter>
    </ClCompile>
    <ClCompile Include="src\sgpp\optimization\operation\hash\OperationMultipleHierarchisationWeaklyFundamentalNakSplineBoundary.cpp">
      <Filter>Source Files</Filter>
    </ClCompile>
    <ClCompile Include="src\sgpp\optimization\operation\hash\OperationMultipleHierarchisationWeaklyFundamentalSplineBoundary.cpp">
      <Filter>Source Files</Filter>
    </ClCompile>
    <ClCompile Include="src\sgpp\optimization\operation\OptimizationOpFactory.cpp">
      <Filter>Source Files</Filter>
    </ClCompile>
    <ClCompile Include="src\sgpp\optimization\optimizer\constrained\AugmentedLagrangian.cpp">
      <Filter>Source Files</Filter>
    </ClCompile>
    <ClCompile Include="src\sgpp\optimization\optimizer\constrained\LogBarrier.cpp">
      <Filter>Source Files</Filter>
    </ClCompile>
    <ClCompile Include="src\sgpp\optimization\optimizer\constrained\SquaredPenalty.cpp">
      <Filter>Source Files</Filter>
    </ClCompile>
    <ClCompile Include="src\sgpp\optimization\optimizer\least_squares\LevenbergMarquardt.cpp">
      <Filter>Source Files</Filter>
    </ClCompile>
    <ClCompile Include="src\sgpp\optimization\optimizer\unconstrained\AdaptiveGradientDescent.cpp">
      <Filter>Source Files</Filter>
    </ClCompile>
    <ClCompile Include="src\sgpp\optimization\optimizer\unconstrained\AdaptiveNewton.cpp">
      <Filter>Source Files</Filter>
    </ClCompile>
    <ClCompile Include="src\sgpp\optimization\optimizer\unconstrained\BFGS.cpp">
      <Filter>Source Files</Filter>
    </ClCompile>
    <ClCompile Include="src\sgpp\optimization\optimizer\unconstrained\CMAES.cpp">
      <Filter>Source Files</Filter>
    </ClCompile>
    <ClCompile Include="src\sgpp\optimization\optimizer\unconstrained\DifferentialEvolution.cpp">
      <Filter>Source Files</Filter>
    </ClCompile>
    <ClCompile Include="src\sgpp\optimization\optimizer\unconstrained\GradientDescent.cpp">
      <Filter>Source Files</Filter>
    </ClCompile>
    <ClCompile Include="src\sgpp\optimization\optimizer\unconstrained\MultiStart.cpp">
      <Filter>Source Files</Filter>
    </ClCompile>
    <ClCompile Include="src\sgpp\optimization\optimizer\unconstrained\NelderMead.cpp">
      <Filter>Source Files</Filter>
    </ClCompile>
    <ClCompile Include="src\sgpp\optimization\optimizer\unconstrained\Newton.cpp">
      <Filter>Source Files</Filter>
    </ClCompile>
    <ClCompile Include="src\sgpp\optimization\optimizer\unconstrained\NLCG.cpp">
      <Filter>Source Files</Filter>
    </ClCompile>
    <ClCompile Include="src\sgpp\optimization\optimizer\unconstrained\Rprop.cpp">
      <Filter>Source Files</Filter>
    </ClCompile>
    <ClCompile Include="src\sgpp\optimization\test_problems\constrained\ConstrainedTestProblem.cpp">
      <Filter>Source Files</Filter>
    </ClCompile>
    <ClCompile Include="src\sgpp\optimization\test_problems\constrained\Floudas.cpp">
      <Filter>Source Files</Filter>
    </ClCompile>
    <ClCompile Include="src\sgpp\optimization\test_problems\constrained\G03.cpp">
      <Filter>Source Files</Filter>
    </ClCompile>
    <ClCompile Include="src\sgpp\optimization\test_problems\constrained\G04.cpp">
      <Filter>Source Files</Filter>
    </ClCompile>
    <ClCompile Include="src\sgpp\optimization\test_problems\constrained\G04Squared.cpp">
      <Filter>Source Files</Filter>
    </ClCompile>
    <ClCompile Include="src\sgpp\optimization\test_problems\constrained\G05.cpp">
      <Filter>Source Files</Filter>
    </ClCompile>
    <ClCompile Include="src\sgpp\optimization\test_problems\constrained\G06.cpp">
      <Filter>Source Files</Filter>
    </ClCompile>
    <ClCompile Include="src\sgpp\optimization\test_problems\constrained\G08.cpp">
      <Filter>Source Files</Filter>
    </ClCompile>
    <ClCompile Include="src\sgpp\optimization\test_problems\constrained\G09.cpp">
      <Filter>Source Files</Filter>
    </ClCompile>
    <ClCompile Include="src\sgpp\optimization\test_problems\constrained\G10.cpp">
      <Filter>Source Files</Filter>
    </ClCompile>
    <ClCompile Include="src\sgpp\optimization\test_problems\constrained\G11.cpp">
      <Filter>Source Files</Filter>
    </ClCompile>
    <ClCompile Include="src\sgpp\optimization\test_problems\constrained\G12.cpp">
      <Filter>Source Files</Filter>
    </ClCompile>
    <ClCompile Include="src\sgpp\optimization\test_problems\constrained\G13.cpp">
      <Filter>Source Files</Filter>
    </ClCompile>
    <ClCompile Include="src\sgpp\optimization\test_problems\constrained\Simionescu.cpp">
      <Filter>Source Files</Filter>
    </ClCompile>
    <ClCompile Include="src\sgpp\optimization\test_problems\constrained\Soland.cpp">
      <Filter>Source Files</Filter>
    </ClCompile>
    <ClCompile Include="src\sgpp\optimization\test_problems\unconstrained\AbsoluteValue.cpp">
      <Filter>Source Files</Filter>
    </ClCompile>
    <ClCompile Include="src\sgpp\optimization\test_problems\unconstrained\Ackley.cpp">
      <Filter>Source Files</Filter>
    </ClCompile>
    <ClCompile Include="src\sgpp\optimization\test_problems\unconstrained\Alpine02.cpp">
      <Filter>Source Files</Filter>
    </ClCompile>
    <ClCompile Include="src\sgpp\optimization\test_problems\unconstrained\Beale.cpp">
      <Filter>Source Files</Filter>
    </ClCompile>
    <ClCompile Include="src\sgpp\optimization\test_problems\unconstrained\Branin01.cpp">
      <Filter>Source Files</Filter>
    </ClCompile>
    <ClCompile Include="src\sgpp\optimization\test_problems\unconstrained\Branin02.cpp">
      <Filter>Source Files</Filter>
    </ClCompile>
    <ClCompile Include="src\sgpp\optimization\test_problems\unconstrained\BubbleWrap.cpp">
      <Filter>Source Files</Filter>
    </ClCompile>
    <ClCompile Include="src\sgpp\optimization\test_problems\unconstrained\EasomYang.cpp">
      <Filter>Source Files</Filter>
    </ClCompile>
    <ClCompile Include="src\sgpp\optimization\test_problems\unconstrained\Eggholder.cpp">
      <Filter>Source Files</Filter>
    </ClCompile>
    <ClCompile Include="src\sgpp\optimization\test_problems\unconstrained\GoldsteinPrice.cpp">
      <Filter>Source Files</Filter>
    </ClCompile>
    <ClCompile Include="src\sgpp\optimization\test_problems\unconstrained\Griewank.cpp">
      <Filter>Source Files</Filter>
    </ClCompile>
    <ClCompile Include="src\sgpp\optimization\test_problems\unconstrained\Hartman3.cpp">
      <Filter>Source Files</Filter>
    </ClCompile>
    <ClCompile Include="src\sgpp\optimization\test_problems\unconstrained\Hartman6.cpp">
      <Filter>Source Files</Filter>
    </ClCompile>
    <ClCompile Include="src\sgpp\optimization\test_problems\unconstrained\Himmelblau.cpp">
      <Filter>Source Files</Filter>
    </ClCompile>
    <ClCompile Include="src\sgpp\optimization\test_problems\unconstrained\HoelderTable.cpp">
      <Filter>Source Files</Filter>
    </ClCompile>
    <ClCompile Include="src\sgpp\optimization\test_problems\unconstrained\IncreasingPower.cpp">
      <Filter>Source Files</Filter>
    </ClCompile>
    <ClCompile Include="src\sgpp\optimization\test_problems\unconstrained\Michalewicz.cpp">
      <Filter>Source Files</Filter>
    </ClCompile>
    <ClCompile Include="src\sgpp\optimization\test_problems\unconstrained\Mladineo.cpp">
      <Filter>Source Files</Filter>
    </ClCompile>
    <ClCompile Include="src\sgpp\optimization\test_problems\unconstrained\Perm.cpp">
      <Filter>Source Files</Filter>
    </ClCompile>
    <ClCompile Include="src\sgpp\optimization\test_problems\unconstrained\Rastrigin.cpp">
      <Filter>Source Files</Filter>
    </ClCompile>
    <ClCompile Include="src\sgpp\optimization\test_problems\unconstrained\Rosenbrock.cpp">
      <Filter>Source Files</Filter>
    </ClCompile>
    <ClCompile Include="src\sgpp\optimization\test_problems\unconstrained\Schwefel06.cpp">
      <Filter>Source Files</Filter>
    </ClCompile>
    <ClCompile Include="src\sgpp\optimization\test_problems\unconstrained\Schwefel22.cpp">
      <Filter>Source Files</Filter>
    </ClCompile>
    <ClCompile Include="src\sgpp\optimization\test_problems\unconstrained\Schwefel26.cpp">
      <Filter>Source Files</Filter>
    </ClCompile>
    <ClCompile Include="src\sgpp\optimization\test_problems\unconstrained\SHCB.cpp">
      <Filter>Source Files</Filter>
    </ClCompile>
    <ClCompile Include="src\sgpp\optimization\test_problems\unconstrained\Sphere.cpp">
      <Filter>Source Files</Filter>
    </ClCompile>
    <ClCompile Include="src\sgpp\optimization\test_problems\unconstrained\TremblingParabola.cpp">
      <Filter>Source Files</Filter>
    </ClCompile>
    <ClCompile Include="src\sgpp\optimization\test_problems\unconstrained\UnconstrainedTestProblem.cpp">
      <Filter>Source Files</Filter>
    </ClCompile>
    <ClCompile Include="src\sgpp\optimization\test_problems\TestScalarFunction.cpp">
      <Filter>Source Files</Filter>
    </ClCompile>
    <ClCompile Include="src\sgpp\optimization\test_problems\TestVectorFunction.cpp">
      <Filter>Source Files</Filter>
    </ClCompile>
    <ClCompile Include="src\sgpp\optimization\tools\FileIO.cpp">
      <Filter>Source Files</Filter>
    </ClCompile>
    <ClCompile Include="src\sgpp\optimization\tools\Math.cpp">
      <Filter>Source Files</Filter>
    </ClCompile>
  </ItemGroup>
  <ItemGroup>
    <ClInclude Include="src\sgpp\optimization\fuzzy\FuzzyExtensionPrinciple.hpp">
      <Filter>Header Files</Filter>
    </ClInclude>
    <ClInclude Include="src\sgpp\optimization\fuzzy\FuzzyExtensionPrincipleViaOptimization.hpp">
      <Filter>Header Files</Filter>
    </ClInclude>
    <ClInclude Include="src\sgpp\optimization\fuzzy\FuzzyExtensionPrincipleViaTransformation.hpp">
      <Filter>Header Files</Filter>
    </ClInclude>
    <ClInclude Include="src\sgpp\optimization\fuzzy\FuzzyExtensionPrincipleViaVertexMethod.hpp">
      <Filter>Header Files</Filter>
    </ClInclude>
    <ClInclude Include="src\sgpp\optimization\fuzzy\FuzzyInterval.hpp">
      <Filter>Header Files</Filter>
    </ClInclude>
    <ClInclude Include="src\sgpp\optimization\fuzzy\FuzzyIntervalViaConfidenceInterval.hpp">
      <Filter>Header Files</Filter>
    </ClInclude>
    <ClInclude Include="src\sgpp\optimization\fuzzy\FuzzyIntervalViaMembershipFunction.hpp">
      <Filter>Header Files</Filter>
    </ClInclude>
    <ClInclude Include="src\sgpp\optimization\fuzzy\InterpolatedFuzzyInterval.hpp">
      <Filter>Header Files</Filter>
    </ClInclude>
    <ClInclude Include="src\sgpp\optimization\fuzzy\QuasiGaussianFuzzyNumber.hpp">
      <Filter>Header Files</Filter>
    </ClInclude>
    <ClInclude Include="src\sgpp\optimization\fuzzy\TriangularFuzzyInterval.hpp">
      <Filter>Header Files</Filter>
    </ClInclude>
    <ClInclude Include="src\sgpp\optimization\gridgen\HashRefinementMultiple.hpp">
      <Filter>Header Files</Filter>
    </ClInclude>
    <ClInclude Include="src\sgpp\optimization\gridgen\IterativeGridGenerator.hpp">
      <Filter>Header Files</Filter>
    </ClInclude>
    <ClInclude Include="src\sgpp\optimization\gridgen\IterativeGridGeneratorFuzzyRitterNovak.hpp">
      <Filter>Header Files</Filter>
    </ClInclude>
    <ClInclude Include="src\sgpp\optimization\gridgen\IterativeGridGeneratorLinearSurplus.hpp">
      <Filter>Header Files</Filter>
    </ClInclude>
    <ClInclude Include="src\sgpp\optimization\gridgen\IterativeGridGeneratorRitterNovak.hpp">
      <Filter>Header Files</Filter>
    </ClInclude>
    <ClInclude Include="src\sgpp\optimization\gridgen\IterativeGridGeneratorSOO.hpp">
      <Filter>Header Files</Filter>
    </ClInclude>
    <ClInclude Include="src\sgpp\optimization\operation\hash\OperationMultipleHierarchisation.hpp">
      <Filter>Header Files</Filter>
    </ClInclude>
    <ClInclude Include="src\sgpp\optimization\operation\hash\OperationMultipleHierarchisationBspline.hpp">
      <Filter>Header Files</Filter>
    </ClInclude>
    <ClInclude Include="src\sgpp\optimization\operation\hash\OperationMultipleHierarchisationBsplineBoundary.hpp">
      <Filter>Header Files</Filter>
    </ClInclude>
    <ClInclude Include="src\sgpp\optimization\operation\hash\OperationMultipleHierarchisationBsplineClenshawCurtis.hpp">
      <Filter>Header Files</Filter>
    </ClInclude>
    <ClInclude Include="src\sgpp\optimization\operation\hash\OperationMultipleHierarchisationFundamentalNakSplineBoundary.hpp">
      <Filter>Header Files</Filter>
    </ClInclude>
    <ClInclude Include="src\sgpp\optimization\operation\hash\OperationMultipleHierarchisationFundamentalSpline.hpp">
      <Filter>Header Files</Filter>
    </ClInclude>
    <ClInclude Include="src\sgpp\optimization\operation\hash\OperationMultipleHierarchisationFundamentalSplineBoundary.hpp">
      <Filter>Header Files</Filter>
    </ClInclude>
    <ClInclude Include="src\sgpp\optimization\operation\hash\OperationMultipleHierarchisationLinear.hpp">
      <Filter>Header Files</Filter>
    </ClInclude>
    <ClInclude Include="src\sgpp\optimization\operation\hash\OperationMultipleHierarchisationLinearBoundary.hpp">
      <Filter>Header Files</Filter>
    </ClInclude>
    <ClInclude Include="src\sgpp\optimization\operation\hash\OperationMultipleHierarchisationLinearClenshawCurtis.hpp">
      <Filter>Header Files</Filter>
    </ClInclude>
    <ClInclude Include="src\sgpp\optimization\operation\hash\OperationMultipleHierarchisationLinearClenshawCurtisBoundary.hpp">
      <Filter>Header Files</Filter>
    </ClInclude>
    <ClInclude Include="src\sgpp\optimization\operation\hash\OperationMultipleHierarchisationModBspline.hpp">
      <Filter>Header Files</Filter>
    </ClInclude>
    <ClInclude Include="src\sgpp\optimization\operation\hash\OperationMultipleHierarchisationModBsplineClenshawCurtis.hpp">
      <Filter>Header Files</Filter>
    </ClInclude>
    <ClInclude Include="src\sgpp\optimization\operation\hash\OperationMultipleHierarchisationModFundamentalSpline.hpp">
      <Filter>Header Files</Filter>
    </ClInclude>
    <ClInclude Include="src\sgpp\optimization\operation\hash\OperationMultipleHierarchisationModLinear.hpp">
      <Filter>Header Files</Filter>
    </ClInclude>
    <ClInclude Include="src\sgpp\optimization\operation\hash\OperationMultipleHierarchisationModNakBspline.hpp">
      <Filter>Header Files</Filter>
    </ClInclude>
    <ClInclude Include="src\sgpp\optimization\operation\hash\OperationMultipleHierarchisationModWavelet.hpp">
      <Filter>Header Files</Filter>
    </ClInclude>
    <ClInclude Include="src\sgpp\optimization\operation\hash\OperationMultipleHierarchisationModWeaklyFundamentalNakSpline.hpp">
      <Filter>Header Files</Filter>
    </ClInclude>
    <ClInclude Include="src\sgpp\optimization\operation\hash\OperationMultipleHierarchisationNakBsplineBoundary.hpp">
      <Filter>Header Files</Filter>
    </ClInclude>
    <ClInclude Include="src\sgpp\optimization\operation\hash\OperationMultipleHierarchisationNaturalBsplineBoundary.hpp">
      <Filter>Header Files</Filter>
    </ClInclude>
    <ClInclude Include="src\sgpp\optimization\operation\hash\OperationMultipleHierarchisationWavelet.hpp">
      <Filter>Header Files</Filter>
    </ClInclude>
    <ClInclude Include="src\sgpp\optimization\operation\hash\OperationMultipleHierarchisationWaveletBoundary.hpp">
      <Filter>Header Files</Filter>
    </ClInclude>
    <ClInclude Include="src\sgpp\optimization\operation\hash\OperationMultipleHierarchisationWeaklyFundamentalNakSplineBoundary.hpp">
      <Filter>Header Files</Filter>
    </ClInclude>
    <ClInclude Include="src\sgpp\optimization\operation\hash\OperationMultipleHierarchisationWeaklyFundamentalSplineBoundary.hpp">
      <Filter>Header Files</Filter>
    </ClInclude>
    <ClInclude Include="src\sgpp\optimization\operation\OptimizationOpFactory.hpp">
      <Filter>Header Files</Filter>
    </ClInclude>
    <ClInclude Include="src\sgpp\optimization\optimizer\constrained\AugmentedLagrangian.hpp">
      <Filter>Header Files</Filter>
    </ClInclude>
    <ClInclude Include="src\sgpp\optimization\optimizer\constrained\ConstrainedOptimizer.hpp">
      <Filter>Header Files</Filter>
    </ClInclude>
    <ClInclude Include="src\sgpp\optimization\optimizer\constrained\LogBarrier.hpp">
      <Filter>Header Files</Filter>
    </ClInclude>
    <ClInclude Include="src\sgpp\optimization\optimizer\constrained\SquaredPenalty.hpp">
      <Filter>Header Files</Filter>
    </ClInclude>
    <ClInclude Include="src\sgpp\optimization\optimizer\least_squares\LeastSquaresOptimizer.hpp">
      <Filter>Header Files</Filter>
    </ClInclude>
    <ClInclude Include="src\sgpp\optimization\optimizer\least_squares\LevenbergMarquardt.hpp">
      <Filter>Header Files</Filter>
    </ClInclude>
    <ClInclude Include="src\sgpp\optimization\optimizer\unconstrained\AdaptiveGradientDescent.hpp">
      <Filter>Header Files</Filter>
    </ClInclude>
    <ClInclude Include="src\sgpp\optimization\optimizer\unconstrained\AdaptiveNewton.hpp">
      <Filter>Header Files</Filter>
    </ClInclude>
    <ClInclude Include="src\sgpp\optimization\optimizer\unconstrained\BFGS.hpp">
      <Filter>Header Files</Filter>
    </ClInclude>
    <ClInclude Include="src\sgpp\optimization\optimizer\unconstrained\CMAES.hpp">
      <Filter>Header Files</Filter>
    </ClInclude>
    <ClInclude Include="src\sgpp\optimization\optimizer\unconstrained\DifferentialEvolution.hpp">
      <Filter>Header Files</Filter>
    </ClInclude>
    <ClInclude Include="src\sgpp\optimization\optimizer\unconstrained\GradientDescent.hpp">
      <Filter>Header Files</Filter>
    </ClInclude>
    <ClInclude Include="src\sgpp\optimization\optimizer\unconstrained\LineSearchArmijo.hpp">
      <Filter>Header Files</Filter>
    </ClInclude>
    <ClInclude Include="src\sgpp\optimization\optimizer\unconstrained\MultiStart.hpp">
      <Filter>Header Files</Filter>
    </ClInclude>
    <ClInclude Include="src\sgpp\optimization\optimizer\unconstrained\NelderMead.hpp">
      <Filter>Header Files</Filter>
    </ClInclude>
    <ClInclude Include="src\sgpp\optimization\optimizer\unconstrained\Newton.hpp">
      <Filter>Header Files</Filter>
    </ClInclude>
    <ClInclude Include="src\sgpp\optimization\optimizer\unconstrained\NLCG.hpp">
      <Filter>Header Files</Filter>
    </ClInclude>
    <ClInclude Include="src\sgpp\optimization\optimizer\unconstrained\Rprop.hpp">
      <Filter>Header Files</Filter>
    </ClInclude>
    <ClInclude Include="src\sgpp\optimization\optimizer\unconstrained\UnconstrainedOptimizer.hpp">
      <Filter>Header Files</Filter>
    </ClInclude>
    <ClInclude Include="src\sgpp\optimization\test_problems\constrained\ConstrainedTestProblem.hpp">
      <Filter>Header Files</Filter>
    </ClInclude>
    <ClInclude Include="src\sgpp\optimization\test_problems\constrained\Floudas.hpp">
      <Filter>Header Files</Filter>
    </ClInclude>
    <ClInclude Include="src\sgpp\optimization\test_problems\constrained\G03.hpp">
      <Filter>Header Files</Filter>
    </ClInclude>
    <ClInclude Include="src\sgpp\optimization\test_problems\constrained\G04.hpp">
      <Filter>Header Files</Filter>
    </ClInclude>
    <ClInclude Include="src\sgpp\optimization\test_problems\constrained\G04Squared.hpp">
      <Filter>Header Files</Filter>
    </ClInclude>
    <ClInclude Include="src\sgpp\optimization\test_problems\constrained\G05.hpp">
      <Filter>Header Files</Filter>
    </ClInclude>
    <ClInclude Include="src\sgpp\optimization\test_problems\constrained\G06.hpp">
      <Filter>Header Files</Filter>
    </ClInclude>
    <ClInclude Include="src\sgpp\optimization\test_problems\constrained\G08.hpp">
      <Filter>Header Files</Filter>
    </ClInclude>
    <ClInclude Include="src\sgpp\optimization\test_problems\constrained\G09.hpp">
      <Filter>Header Files</Filter>
    </ClInclude>
    <ClInclude Include="src\sgpp\optimization\test_problems\constrained\G10.hpp">
      <Filter>Header Files</Filter>
    </ClInclude>
    <ClInclude Include="src\sgpp\optimization\test_problems\constrained\G11.hpp">
      <Filter>Header Files</Filter>
    </ClInclude>
    <ClInclude Include="src\sgpp\optimization\test_problems\constrained\G12.hpp">
      <Filter>Header Files</Filter>
    </ClInclude>
    <ClInclude Include="src\sgpp\optimization\test_problems\constrained\G13.hpp">
      <Filter>Header Files</Filter>
    </ClInclude>
    <ClInclude Include="src\sgpp\optimization\test_problems\constrained\Simionescu.hpp">
      <Filter>Header Files</Filter>
    </ClInclude>
    <ClInclude Include="src\sgpp\optimization\test_problems\constrained\Soland.hpp">
      <Filter>Header Files</Filter>
    </ClInclude>
    <ClInclude Include="src\sgpp\optimization\test_problems\unconstrained\AbsoluteValue.hpp">
      <Filter>Header Files</Filter>
    </ClInclude>
    <ClInclude Include="src\sgpp\optimization\test_problems\unconstrained\Ackley.hpp">
      <Filter>Header Files</Filter>
    </ClInclude>
    <ClInclude Include="src\sgpp\optimization\test_problems\unconstrained\Alpine02.hpp">
      <Filter>Header Files</Filter>
    </ClInclude>
    <ClInclude Include="src\sgpp\optimization\test_problems\unconstrained\Beale.hpp">
      <Filter>Header Files</Filter>
    </ClInclude>
    <ClInclude Include="src\sgpp\optimization\test_problems\unconstrained\Branin01.hpp">
      <Filter>Header Files</Filter>
    </ClInclude>
    <ClInclude Include="src\sgpp\optimization\test_problems\unconstrained\Branin02.hpp">
      <Filter>Header Files</Filter>
    </ClInclude>
    <ClInclude Include="src\sgpp\optimization\test_problems\unconstrained\BubbleWrap.hpp">
      <Filter>Header Files</Filter>
    </ClInclude>
    <ClInclude Include="src\sgpp\optimization\test_problems\unconstrained\EasomYang.hpp">
      <Filter>Header Files</Filter>
    </ClInclude>
    <ClInclude Include="src\sgpp\optimization\test_problems\unconstrained\Eggholder.hpp">
      <Filter>Header Files</Filter>
    </ClInclude>
    <ClInclude Include="src\sgpp\optimization\test_problems\unconstrained\GoldsteinPrice.hpp">
      <Filter>Header Files</Filter>
    </ClInclude>
    <ClInclude Include="src\sgpp\optimization\test_problems\unconstrained\Griewank.hpp">
      <Filter>Header Files</Filter>
    </ClInclude>
    <ClInclude Include="src\sgpp\optimization\test_problems\unconstrained\Hartman3.hpp">
      <Filter>Header Files</Filter>
    </ClInclude>
    <ClInclude Include="src\sgpp\optimization\test_problems\unconstrained\Hartman6.hpp">
      <Filter>Header Files</Filter>
    </ClInclude>
    <ClInclude Include="src\sgpp\optimization\test_problems\unconstrained\Himmelblau.hpp">
      <Filter>Header Files</Filter>
    </ClInclude>
    <ClInclude Include="src\sgpp\optimization\test_problems\unconstrained\HoelderTable.hpp">
      <Filter>Header Files</Filter>
    </ClInclude>
    <ClInclude Include="src\sgpp\optimization\test_problems\unconstrained\IncreasingPower.hpp">
      <Filter>Header Files</Filter>
    </ClInclude>
    <ClInclude Include="src\sgpp\optimization\test_problems\unconstrained\Michalewicz.hpp">
      <Filter>Header Files</Filter>
    </ClInclude>
    <ClInclude Include="src\sgpp\optimization\test_problems\unconstrained\Mladineo.hpp">
      <Filter>Header Files</Filter>
    </ClInclude>
    <ClInclude Include="src\sgpp\optimization\test_problems\unconstrained\Perm.hpp">
      <Filter>Header Files</Filter>
    </ClInclude>
    <ClInclude Include="src\sgpp\optimization\test_problems\unconstrained\Rastrigin.hpp">
      <Filter>Header Files</Filter>
    </ClInclude>
    <ClInclude Include="src\sgpp\optimization\test_problems\unconstrained\Rosenbrock.hpp">
      <Filter>Header Files</Filter>
    </ClInclude>
    <ClInclude Include="src\sgpp\optimization\test_problems\unconstrained\Schwefel06.hpp">
      <Filter>Header Files</Filter>
    </ClInclude>
    <ClInclude Include="src\sgpp\optimization\test_problems\unconstrained\Schwefel22.hpp">
      <Filter>Header Files</Filter>
    </ClInclude>
    <ClInclude Include="src\sgpp\optimization\test_problems\unconstrained\Schwefel26.hpp">
      <Filter>Header Files</Filter>
    </ClInclude>
    <ClInclude Include="src\sgpp\optimization\test_problems\unconstrained\SHCB.hpp">
      <Filter>Header Files</Filter>
    </ClInclude>
    <ClInclude Include="src\sgpp\optimization\test_problems\unconstrained\Sphere.hpp">
      <Filter>Header Files</Filter>
    </ClInclude>
    <ClInclude Include="src\sgpp\optimization\test_problems\unconstrained\TremblingParabola.hpp">
      <Filter>Header Files</Filter>
    </ClInclude>
    <ClInclude Include="src\sgpp\optimization\test_problems\unconstrained\UnconstrainedTestProblem.hpp">
      <Filter>Header Files</Filter>
    </ClInclude>
    <ClInclude Include="src\sgpp\optimization\test_problems\TestScalarFunction.hpp">
      <Filter>Header Files</Filter>
    </ClInclude>
    <ClInclude Include="src\sgpp\optimization\test_problems\TestVectorFunction.hpp">
      <Filter>Header Files</Filter>
    </ClInclude>
    <ClInclude Include="src\sgpp\optimization\tools\FileIO.hpp">
      <Filter>Header Files</Filter>
    </ClInclude>
    <ClInclude Include="src\sgpp\optimization\tools\Math.hpp">
      <Filter>Header Files</Filter>
    </ClInclude>
    <ClInclude Include="src\sgpp_optimization.hpp">
      <Filter>Header Files</Filter>
    </ClInclude>
  </ItemGroup>
  <ItemGroup>
    <None Include="packages.config" />
  </ItemGroup>
</Project>