<?xml version="1.0" encoding="utf-8"?>
<Project ToolsVersion="4.0" xmlns="http://schemas.microsoft.com/developer/msbuild/2003">
  <ItemGroup>
    <Filter Include="Source Files">
      <UniqueIdentifier>{4FC737F1-C7A5-4376-A066-2A32D752A2FF}</UniqueIdentifier>
      <Extensions>cpp;c;cc;cxx;c++;cppm;ixx;def;odl;idl;hpj;bat;asm;asmx</Extensions>
    </Filter>
    <Filter Include="Header Files">
      <UniqueIdentifier>{93995380-89BD-4b04-88EB-625FBE52EBFB}</UniqueIdentifier>
      <Extensions>h;hh;hpp;hxx;h++;hm;inl;inc;ipp;xsd</Extensions>
    </Filter>
    <Filter Include="Resource Files">
      <UniqueIdentifier>{67DA6AB6-F800-4c08-8B7A-83BB121AAD01}</UniqueIdentifier>
      <Extensions>rc;ico;cur;bmp;dlg;rc2;rct;bin;rgs;gif;jpg;jpeg;jpe;resx;tiff;tif;png;wav;mfcribbon-ms</Extensions>
    </Filter>
  </ItemGroup>
  <ItemGroup>
    <ClCompile Include="src\sgpp\pde\algorithm\HeatEquationParabolicPDESolverSystem.cpp">
      <Filter>Source Files</Filter>
    </ClCompile>
    <ClCompile Include="src\sgpp\pde\algorithm\HeatEquationParabolicPDESolverSystemParallelOMP.cpp">
      <Filter>Source Files</Filter>
    </ClCompile>
    <ClCompile Include="src\sgpp\pde\algorithm\PoissonEquationEllipticPDESolverSystemDirichlet.cpp">
      <Filter>Source Files</Filter>
    </ClCompile>
    <ClCompile Include="src\sgpp\pde\algorithm\StdUpDown.cpp">
      <Filter>Source Files</Filter>
    </ClCompile>
    <ClCompile Include="src\sgpp\pde\algorithm\UpDownFourOpDims.cpp">
      <Filter>Source Files</Filter>
    </ClCompile>
    <ClCompile Include="src\sgpp\pde\algorithm\UpDownOneOpDim.cpp">
      <Filter>Source Files</Filter>
    </ClCompile>
    <ClCompile Include="src\sgpp\pde\algorithm\UpDownOneOpDimEnhanced.cpp">
      <Filter>Source Files</Filter>
    </ClCompile>
    <ClCompile Include="src\sgpp\pde\algorithm\UpDownOneOpDimWithShadow.cpp">
      <Filter>Source Files</Filter>
    </ClCompile>
    <ClCompile Include="src\sgpp\pde\algorithm\UpDownTwoOpDims.cpp">
      <Filter>Source Files</Filter>
    </ClCompile>
    <ClCompile Include="src\sgpp\pde\application\EllipticPDESolver.cpp">
      <Filter>Source Files</Filter>
    </ClCompile>
    <ClCompile Include="src\sgpp\pde\application\HeatEquationSolver.cpp">
      <Filter>Source Files</Filter>
    </ClCompile>
    <ClCompile Include="src\sgpp\pde\application\HeatEquationSolverWithStretching.cpp">
      <Filter>Source Files</Filter>
    </ClCompile>
    <ClCompile Include="src\sgpp\pde\application\ParabolicPDESolver.cpp">
      <Filter>Source Files</Filter>
    </ClCompile>
    <ClCompile Include="src\sgpp\pde\application\PDESolver.cpp">
      <Filter>Source Files</Filter>
    </ClCompile>
    <ClCompile Include="src\sgpp\pde\application\PoissonEquationSolver.cpp">
      <Filter>Source Files</Filter>
    </ClCompile>
    <ClCompile Include="src\sgpp\pde\basis\linear\boundary\algorithm_sweep\LaplaceEnhancedDownBBLinearBoundary.cpp">
      <Filter>Source Files</Filter>
    </ClCompile>
    <ClCompile Include="src\sgpp\pde\basis\linear\boundary\algorithm_sweep\LaplaceEnhancedUpBBLinearBoundary.cpp">
      <Filter>Source Files</Filter>
    </ClCompile>
    <ClCompile Include="src\sgpp\pde\basis\linear\boundary\algorithm_sweep\PhiPhiDownBBLinearBoundary.cpp">
      <Filter>Source Files</Filter>
    </ClCompile>
    <ClCompile Include="src\sgpp\pde\basis\linear\boundary\algorithm_sweep\PhiPhiUpBBLinearBoundary.cpp">
      <Filter>Source Files</Filter>
    </ClCompile>
    <ClCompile Include="src\sgpp\pde\basis\linear\noboundary\algorithm_sweep\LaplaceEnhancedDownBBLinear.cpp">
      <Filter>Source Files</Filter>
    </ClCompile>
    <ClCompile Include="src\sgpp\pde\basis\linear\noboundary\algorithm_sweep\LaplaceEnhancedUpBBLinear.cpp">
      <Filter>Source Files</Filter>
    </ClCompile>
    <ClCompile Include="src\sgpp\pde\basis\linear\noboundary\algorithm_sweep\PhiPhiDownBBLinear.cpp">
      <Filter>Source Files</Filter>
    </ClCompile>
    <ClCompile Include="src\sgpp\pde\basis\linear\noboundary\algorithm_sweep\PhiPhiUpBBLinear.cpp">
      <Filter>Source Files</Filter>
    </ClCompile>
    <ClCompile Include="src\sgpp\pde\basis\linear\noboundary\DowndPhidPhiBBIterativeLinear.cpp">
      <Filter>Source Files</Filter>
    </ClCompile>
    <ClCompile Include="src\sgpp\pde\basis\linearstretched\boundary\algorithm_sweep\PhiPhiDownBBLinearStretchedBoundary.cpp">
      <Filter>Source Files</Filter>
    </ClCompile>
    <ClCompile Include="src\sgpp\pde\basis\linearstretched\boundary\algorithm_sweep\PhiPhiUpBBLinearStretchedBoundary.cpp">
      <Filter>Source Files</Filter>
    </ClCompile>
    <ClCompile Include="src\sgpp\pde\basis\linearstretched\boundary\DowndPhidPhiBBIterativeLinearStretchedBoundary.cpp">
      <Filter>Source Files</Filter>
    </ClCompile>
    <ClCompile Include="src\sgpp\pde\basis\linearstretched\boundary\UpdPhidPhiBBIterativeLinearStretchedBoundary.cpp">
      <Filter>Source Files</Filter>
    </ClCompile>
    <ClCompile Include="src\sgpp\pde\basis\linearstretched\noboundary\algorithm_sweep\PhiPhiDownBBLinearStretched.cpp">
      <Filter>Source Files</Filter>
    </ClCompile>
    <ClCompile Include="src\sgpp\pde\basis\linearstretched\noboundary\algorithm_sweep\PhiPhiUpBBLinearStretched.cpp">
      <Filter>Source Files</Filter>
    </ClCompile>
    <ClCompile Include="src\sgpp\pde\basis\linearstretched\noboundary\DowndPhidPhiBBIterativeLinearStretched.cpp">
      <Filter>Source Files</Filter>
    </ClCompile>
    <ClCompile Include="src\sgpp\pde\basis\modlinear\algorithm_sweep\dPhidPhiDownModLinear.cpp">
      <Filter>Source Files</Filter>
    </ClCompile>
    <ClCompile Include="src\sgpp\pde\basis\modlinear\algorithm_sweep\dPhidPhiUpModLinear.cpp">
      <Filter>Source Files</Filter>
    </ClCompile>
    <ClCompile Include="src\sgpp\pde\basis\modlinear\algorithm_sweep\PhiPhiDownModLinear.cpp">
      <Filter>Source Files</Filter>
    </ClCompile>
    <ClCompile Include="src\sgpp\pde\basis\modlinear\algorithm_sweep\PhiPhiUpModLinear.cpp">
      <Filter>Source Files</Filter>
    </ClCompile>
    <ClCompile Include="src\sgpp\pde\basis\prewavelet\algorithm_sweep\LaplaceDownGradientPrewavelet.cpp">
      <Filter>Source Files</Filter>
    </ClCompile>
    <ClCompile Include="src\sgpp\pde\basis\prewavelet\algorithm_sweep\LaplaceUpGradientPrewavelet.cpp">
      <Filter>Source Files</Filter>
    </ClCompile>
    <ClCompile Include="src\sgpp\pde\basis\prewavelet\algorithm_sweep\LaplaceUpPrewavelet.cpp">
      <Filter>Source Files</Filter>
    </ClCompile>
    <ClCompile Include="src\sgpp\pde\operation\hash\DowndPhidPhiBBIterativeLinearBoundary.cpp">
      <Filter>Source Files</Filter>
    </ClCompile>
    <ClCompile Include="src\sgpp\pde\operation\hash\OperationEllipticPDESolverSystem.cpp">
      <Filter>Source Files</Filter>
    </ClCompile>
    <ClCompile Include="src\sgpp\pde\operation\hash\OperationEllipticPDESolverSystemDirichlet.cpp">
      <Filter>Source Files</Filter>
    </ClCompile>
    <ClCompile Include="src\sgpp\pde\operation\hash\OperationEllipticPDESolverSystemFreeBoundaries.cpp">
      <Filter>Source Files</Filter>
    </ClCompile>
    <ClCompile Include="src\sgpp\pde\operation\hash\OperationLaplaceBspline.cpp">
      <Filter>Source Files</Filter>
    </ClCompile>
    <ClCompile Include="src\sgpp\pde\operation\hash\OperationLaplaceBsplineBoundary.cpp">
      <Filter>Source Files</Filter>
    </ClCompile>
    <ClCompile Include="src\sgpp\pde\operation\hash\OperationLaplaceBsplineClenshawCurtis.cpp">
      <Filter>Source Files</Filter>
    </ClCompile>
    <ClCompile Include="src\sgpp\pde\operation\hash\OperationLaplaceEnhancedLinear.cpp">
      <Filter>Source Files</Filter>
    </ClCompile>
    <ClCompile Include="src\sgpp\pde\operation\hash\OperationLaplaceEnhancedLinearBoundary.cpp">
      <Filter>Source Files</Filter>
    </ClCompile>
    <ClCompile Include="src\sgpp\pde\operation\hash\OperationLaplaceExplicitBspline.cpp">
      <Filter>Source Files</Filter>
    </ClCompile>
    <ClCompile Include="src\sgpp\pde\operation\hash\OperationLaplaceExplicitLinear.cpp">
      <Filter>Source Files</Filter>
    </ClCompile>
    <ClCompile Include="src\sgpp\pde\operation\hash\OperationLaplaceExplicitModBspline.cpp">
      <Filter>Source Files</Filter>
    </ClCompile>
    <ClCompile Include="src\sgpp\pde\operation\hash\OperationLaplaceLinear.cpp">
      <Filter>Source Files</Filter>
    </ClCompile>
    <ClCompile Include="src\sgpp\pde\operation\hash\OperationLaplaceLinearBoundary.cpp">
      <Filter>Source Files</Filter>
    </ClCompile>
    <ClCompile Include="src\sgpp\pde\operation\hash\OperationLaplaceLinearStretched.cpp">
      <Filter>Source Files</Filter>
    </ClCompile>
    <ClCompile Include="src\sgpp\pde\operation\hash\OperationLaplaceLinearStretchedBoundary.cpp">
      <Filter>Source Files</Filter>
    </ClCompile>
    <ClCompile Include="src\sgpp\pde\operation\hash\OperationLaplaceModBspline.cpp">
      <Filter>Source Files</Filter>
    </ClCompile>
    <ClCompile Include="src\sgpp\pde\operation\hash\OperationLaplaceModBsplineClenshawCurtis.cpp">
      <Filter>Source Files</Filter>
    </ClCompile>
    <ClCompile Include="src\sgpp\pde\operation\hash\OperationLaplaceModLinear.cpp">
      <Filter>Source Files</Filter>
    </ClCompile>
    <ClCompile Include="src\sgpp\pde\operation\hash\OperationLaplaceModPoly.cpp">
      <Filter>Source Files</Filter>
    </ClCompile>
    <ClCompile Include="src\sgpp\pde\operation\hash\OperationLaplaceModPolyClenshawCurtis.cpp">
      <Filter>Source Files</Filter>
    </ClCompile>
    <ClCompile Include="src\sgpp\pde\operation\hash\OperationLaplacePoly.cpp">
      <Filter>Source Files</Filter>
    </ClCompile>
    <ClCompile Include="src\sgpp\pde\operation\hash\OperationLaplacePolyBoundary.cpp">
      <Filter>Source Files</Filter>
    </ClCompile>
    <ClCompile Include="src\sgpp\pde\operation\hash\OperationLaplacePolyClenshawCurtis.cpp">
      <Filter>Source Files</Filter>
    </ClCompile>
    <ClCompile Include="src\sgpp\pde\operation\hash\OperationLaplacePolyClenshawCurtisBoundary.cpp">
      <Filter>Source Files</Filter>
    </ClCompile>
    <ClCompile Include="src\sgpp\pde\operation\hash\OperationLaplacePrewavelet.cpp">
      <Filter>Source Files</Filter>
    </ClCompile>
    <ClCompile Include="src\sgpp\pde\operation\hash\OperationLTwoDotProductLinear.cpp">
      <Filter>Source Files</Filter>
    </ClCompile>
    <ClCompile Include="src\sgpp\pde\operation\hash\OperationLTwoDotProductLinearBoundary.cpp">
      <Filter>Source Files</Filter>
    </ClCompile>
    <ClCompile Include="src\sgpp\pde\operation\hash\OperationLTwoDotProductLinearStretched.cpp">
      <Filter>Source Files</Filter>
    </ClCompile>
    <ClCompile Include="src\sgpp\pde\operation\hash\OperationLTwoDotProductLinearStretchedBoundary.cpp">
      <Filter>Source Files</Filter>
    </ClCompile>
    <ClCompile Include="src\sgpp\pde\operation\hash\OperationMatrixLTwoDotBspline.cpp">
      <Filter>Source Files</Filter>
    </ClCompile>
    <ClCompile Include="src\sgpp\pde\operation\hash\OperationMatrixLTwoDotBsplineBoundary.cpp">
      <Filter>Source Files</Filter>
    </ClCompile>
    <ClCompile Include="src\sgpp\pde\operation\hash\OperationMatrixLTwoDotBsplineClenshawCurtis.cpp">
      <Filter>Source Files</Filter>
    </ClCompile>
    <ClCompile Include="src\sgpp\pde\operation\hash\OperationMatrixLTwoDotExplicitBspline.cpp">
      <Filter>Source Files</Filter>
    </ClCompile>
    <ClCompile Include="src\sgpp\pde\operation\hash\OperationMatrixLTwoDotExplicitBsplineBoundary.cpp">
      <Filter>Source Files</Filter>
    </ClCompile>
    <ClCompile Include="src\sgpp\pde\operation\hash\OperationMatrixLTwoDotExplicitBsplineClenshawCurtis.cpp">
      <Filter>Source Files</Filter>
    </ClCompile>
    <ClCompile Include="src\sgpp\pde\operation\hash\OperationMatrixLTwoDotExplicitLinear.cpp">
      <Filter>Source Files</Filter>
    </ClCompile>
    <ClCompile Include="src\sgpp\pde\operation\hash\OperationMatrixLTwoDotExplicitLinearBoundary.cpp">
      <Filter>Source Files</Filter>
    </ClCompile>
    <ClCompile Include="src\sgpp\pde\operation\hash\OperationMatrixLTwoDotExplicitModBspline.cpp">
      <Filter>Source Files</Filter>
    </ClCompile>
    <ClCompile Include="src\sgpp\pde\operation\hash\OperationMatrixLTwoDotExplicitModBsplineClenshawCurtis.cpp">
      <Filter>Source Files</Filter>
    </ClCompile>
    <ClCompile Include="src\sgpp\pde\operation\hash\OperationMatrixLTwoDotExplicitModifiedLinear.cpp">
      <Filter>Source Files</Filter>
    </ClCompile>
    <ClCompile Include="src\sgpp\pde\operation\hash\OperationMatrixLTwoDotExplicitModLinear.cpp">
      <Filter>Source Files</Filter>
    </ClCompile>
    <ClCompile Include="src\sgpp\pde\operation\hash\OperationMatrixLTwoDotExplicitModPoly.cpp">
      <Filter>Source Files</Filter>
    </ClCompile>
    <ClCompile Include="src\sgpp\pde\operation\hash\OperationMatrixLTwoDotExplicitModPolyClenshawCurtis.cpp">
      <Filter>Source Files</Filter>
    </ClCompile>
    <ClCompile Include="src\sgpp\pde\operation\hash\OperationMatrixLTwoDotExplicitPeriodic.cpp">
      <Filter>Source Files</Filter>
    </ClCompile>
    <ClCompile Include="src\sgpp\pde\operation\hash\OperationMatrixLTwoDotExplicitPoly.cpp">
      <Filter>Source Files</Filter>
    </ClCompile>
    <ClCompile Include="src\sgpp\pde\operation\hash\OperationMatrixLTwoDotExplicitPolyBoundary.cpp">
      <Filter>Source Files</Filter>
    </ClCompile>
    <ClCompile Include="src\sgpp\pde\operation\hash\OperationMatrixLTwoDotExplicitPolyClenshawCurtis.cpp">
      <Filter>Source Files</Filter>
    </ClCompile>
    <ClCompile Include="src\sgpp\pde\operation\hash\OperationMatrixLTwoDotExplicitPolyClenshawCurtisBoundary.cpp">
      <Filter>Source Files</Filter>
    </ClCompile>
    <ClCompile Include="src\sgpp\pde\operation\hash\OperationMatrixLTwoDotModBspline.cpp">
      <Filter>Source Files</Filter>
    </ClCompile>
    <ClCompile Include="src\sgpp\pde\operation\hash\OperationMatrixLTwoDotModBsplineClenshawCurtis.cpp">
      <Filter>Source Files</Filter>
    </ClCompile>
    <ClCompile Include="src\sgpp\pde\operation\hash\OperationMatrixLTwoDotModLinear.cpp">
      <Filter>Source Files</Filter>
    </ClCompile>
    <ClCompile Include="src\sgpp\pde\operation\hash\OperationMatrixLTwoDotModPoly.cpp">
      <Filter>Source Files</Filter>
    </ClCompile>
    <ClCompile Include="src\sgpp\pde\operation\hash\OperationMatrixLTwoDotModPolyClenshawCurtis.cpp">
      <Filter>Source Files</Filter>
    </ClCompile>
    <ClCompile Include="src\sgpp\pde\operation\hash\OperationMatrixLTwoDotPeriodic.cpp">
      <Filter>Source Files</Filter>
    </ClCompile>
    <ClCompile Include="src\sgpp\pde\operation\hash\OperationMatrixLTwoDotPoly.cpp">
      <Filter>Source Files</Filter>
    </ClCompile>
    <ClCompile Include="src\sgpp\pde\operation\hash\OperationMatrixLTwoDotPolyBoundary.cpp">
      <Filter>Source Files</Filter>
    </ClCompile>
    <ClCompile Include="src\sgpp\pde\operation\hash\OperationMatrixLTwoDotPolyClenshawCurtis.cpp">
      <Filter>Source Files</Filter>
    </ClCompile>
    <ClCompile Include="src\sgpp\pde\operation\hash\OperationMatrixLTwoDotPolyClenshawCurtisBoundary.cpp">
      <Filter>Source Files</Filter>
    </ClCompile>
    <ClCompile Include="src\sgpp\pde\operation\hash\OperationParabolicPDESolverSystemDirichlet.cpp">
      <Filter>Source Files</Filter>
    </ClCompile>
    <ClCompile Include="src\sgpp\pde\operation\hash\OperationParabolicPDESolverSystemFreeBoundaries.cpp">
      <Filter>Source Files</Filter>
    </ClCompile>
    <ClCompile Include="src\sgpp\pde\operation\hash\UpdPhidPhiBBIterativeLinearBoundary.cpp">
      <Filter>Source Files</Filter>
    </ClCompile>
    <ClCompile Include="src\sgpp\pde\operation\PdeOpFactory.cpp">
      <Filter>Source Files</Filter>
    </ClCompile>
  </ItemGroup>
  <ItemGroup>
    <ClInclude Include="src\sgpp\pde\algorithm\HeatEquationParabolicPDESolverSystem.hpp">
      <Filter>Header Files</Filter>
    </ClInclude>
    <ClInclude Include="src\sgpp\pde\algorithm\HeatEquationParabolicPDESolverSystemParallelOMP.hpp">
      <Filter>Header Files</Filter>
    </ClInclude>
    <ClInclude Include="src\sgpp\pde\algorithm\PoissonEquationEllipticPDESolverSystemDirichlet.hpp">
      <Filter>Header Files</Filter>
    </ClInclude>
    <ClInclude Include="src\sgpp\pde\algorithm\StdUpDown.hpp">
      <Filter>Header Files</Filter>
    </ClInclude>
    <ClInclude Include="src\sgpp\pde\algorithm\UpDownFourOpDims.hpp">
      <Filter>Header Files</Filter>
    </ClInclude>
    <ClInclude Include="src\sgpp\pde\algorithm\UpDownOneOpDim.hpp">
      <Filter>Header Files</Filter>
    </ClInclude>
    <ClInclude Include="src\sgpp\pde\algorithm\UpDownOneOpDimEnhanced.hpp">
      <Filter>Header Files</Filter>
    </ClInclude>
    <ClInclude Include="src\sgpp\pde\algorithm\UpDownOneOpDimWithShadow.hpp">
      <Filter>Header Files</Filter>
    </ClInclude>
    <ClInclude Include="src\sgpp\pde\algorithm\UpDownTwoOpDims.hpp">
      <Filter>Header Files</Filter>
    </ClInclude>
    <ClInclude Include="src\sgpp\pde\application\EllipticPDESolver.hpp">
      <Filter>Header Files</Filter>
    </ClInclude>
    <ClInclude Include="src\sgpp\pde\application\HeatEquationSolver.hpp">
      <Filter>Header Files</Filter>
    </ClInclude>
    <ClInclude Include="src\sgpp\pde\application\HeatEquationSolverWithStretching.hpp">
      <Filter>Header Files</Filter>
    </ClInclude>
    <ClInclude Include="src\sgpp\pde\application\ParabolicPDESolver.hpp">
      <Filter>Header Files</Filter>
    </ClInclude>
    <ClInclude Include="src\sgpp\pde\application\PDESolver.hpp">
      <Filter>Header Files</Filter>
    </ClInclude>
    <ClInclude Include="src\sgpp\pde\application\PoissonEquationSolver.hpp">
      <Filter>Header Files</Filter>
    </ClInclude>
    <ClInclude Include="src\sgpp\pde\basis\linear\boundary\algorithm_sweep\LaplaceEnhancedDownBBLinearBoundary.hpp">
      <Filter>Header Files</Filter>
    </ClInclude>
    <ClInclude Include="src\sgpp\pde\basis\linear\boundary\algorithm_sweep\LaplaceEnhancedUpBBLinearBoundary.hpp">
      <Filter>Header Files</Filter>
    </ClInclude>
    <ClInclude Include="src\sgpp\pde\basis\linear\boundary\algorithm_sweep\PhiPhiDownBBLinearBoundary.hpp">
      <Filter>Header Files</Filter>
    </ClInclude>
    <ClInclude Include="src\sgpp\pde\basis\linear\boundary\algorithm_sweep\PhiPhiUpBBLinearBoundary.hpp">
      <Filter>Header Files</Filter>
    </ClInclude>
    <ClInclude Include="src\sgpp\pde\basis\linear\noboundary\algorithm_sweep\LaplaceEnhancedDownBBLinear.hpp">
      <Filter>Header Files</Filter>
    </ClInclude>
    <ClInclude Include="src\sgpp\pde\basis\linear\noboundary\algorithm_sweep\LaplaceEnhancedUpBBLinear.hpp">
      <Filter>Header Files</Filter>
    </ClInclude>
    <ClInclude Include="src\sgpp\pde\basis\linear\noboundary\algorithm_sweep\PhiPhiDownBBLinear.hpp">
      <Filter>Header Files</Filter>
    </ClInclude>
    <ClInclude Include="src\sgpp\pde\basis\linear\noboundary\algorithm_sweep\PhiPhiUpBBLinear.hpp">
      <Filter>Header Files</Filter>
    </ClInclude>
    <ClInclude Include="src\sgpp\pde\basis\linear\noboundary\DowndPhidPhiBBIterativeLinear.hpp">
      <Filter>Header Files</Filter>
    </ClInclude>
    <ClInclude Include="src\sgpp\pde\basis\linearstretched\boundary\algorithm_sweep\PhiPhiDownBBLinearStretchedBoundary.hpp">
      <Filter>Header Files</Filter>
    </ClInclude>
    <ClInclude Include="src\sgpp\pde\basis\linearstretched\boundary\algorithm_sweep\PhiPhiUpBBLinearStretchedBoundary.hpp">
      <Filter>Header Files</Filter>
    </ClInclude>
    <ClInclude Include="src\sgpp\pde\basis\linearstretched\boundary\DowndPhidPhiBBIterativeLinearStretchedBoundary.hpp">
      <Filter>Header Files</Filter>
    </ClInclude>
    <ClInclude Include="src\sgpp\pde\basis\linearstretched\boundary\UpdPhidPhiBBIterativeLinearStretchedBoundary.hpp">
      <Filter>Header Files</Filter>
    </ClInclude>
    <ClInclude Include="src\sgpp\pde\basis\linearstretched\noboundary\algorithm_sweep\PhiPhiDownBBLinearStretched.hpp">
      <Filter>Header Files</Filter>
    </ClInclude>
    <ClInclude Include="src\sgpp\pde\basis\linearstretched\noboundary\algorithm_sweep\PhiPhiUpBBLinearStretched.hpp">
      <Filter>Header Files</Filter>
    </ClInclude>
    <ClInclude Include="src\sgpp\pde\basis\linearstretched\noboundary\DowndPhidPhiBBIterativeLinearStretched.hpp">
      <Filter>Header Files</Filter>
    </ClInclude>
    <ClInclude Include="src\sgpp\pde\basis\modlinear\algorithm_sweep\dPhidPhiDownModLinear.hpp">
      <Filter>Header Files</Filter>
    </ClInclude>
    <ClInclude Include="src\sgpp\pde\basis\modlinear\algorithm_sweep\dPhidPhiUpModLinear.hpp">
      <Filter>Header Files</Filter>
    </ClInclude>
    <ClInclude Include="src\sgpp\pde\basis\modlinear\algorithm_sweep\PhiPhiDownModLinear.hpp">
      <Filter>Header Files</Filter>
    </ClInclude>
    <ClInclude Include="src\sgpp\pde\basis\modlinear\algorithm_sweep\PhiPhiUpModLinear.hpp">
      <Filter>Header Files</Filter>
    </ClInclude>
    <ClInclude Include="src\sgpp\pde\basis\prewavelet\algorithm_sweep\LaplaceDownGradientPrewavelet.hpp">
      <Filter>Header Files</Filter>
    </ClInclude>
    <ClInclude Include="src\sgpp\pde\basis\prewavelet\algorithm_sweep\LaplaceUpGradientPrewavelet.hpp">
      <Filter>Header Files</Filter>
    </ClInclude>
    <ClInclude Include="src\sgpp\pde\basis\prewavelet\algorithm_sweep\LaplaceUpPrewavelet.hpp">
      <Filter>Header Files</Filter>
    </ClInclude>
    <ClInclude Include="src\sgpp\pde\operation\hash\DowndPhidPhiBBIterativeLinearBoundary.hpp">
      <Filter>Header Files</Filter>
    </ClInclude>
    <ClInclude Include="src\sgpp\pde\operation\hash\OperationEllipticPDESolverSystem.hpp">
      <Filter>Header Files</Filter>
    </ClInclude>
    <ClInclude Include="src\sgpp\pde\operation\hash\OperationEllipticPDESolverSystemDirichlet.hpp">
      <Filter>Header Files</Filter>
    </ClInclude>
    <ClInclude Include="src\sgpp\pde\operation\hash\OperationEllipticPDESolverSystemFreeBoundaries.hpp">
      <Filter>Header Files</Filter>
    </ClInclude>
    <ClInclude Include="src\sgpp\pde\operation\hash\OperationLaplaceBspline.hpp">
      <Filter>Header Files</Filter>
    </ClInclude>
    <ClInclude Include="src\sgpp\pde\operation\hash\OperationLaplaceBsplineBoundary.hpp">
      <Filter>Header Files</Filter>
    </ClInclude>
    <ClInclude Include="src\sgpp\pde\operation\hash\OperationLaplaceBsplineClenshawCurtis.hpp">
      <Filter>Header Files</Filter>
    </ClInclude>
    <ClInclude Include="src\sgpp\pde\operation\hash\OperationLaplaceEnhancedLinear.hpp">
      <Filter>Header Files</Filter>
    </ClInclude>
    <ClInclude Include="src\sgpp\pde\operation\hash\OperationLaplaceEnhancedLinearBoundary.hpp">
      <Filter>Header Files</Filter>
    </ClInclude>
    <ClInclude Include="src\sgpp\pde\operation\hash\OperationLaplaceExplicitBspline.hpp">
      <Filter>Header Files</Filter>
    </ClInclude>
    <ClInclude Include="src\sgpp\pde\operation\hash\OperationLaplaceExplicitLinear.hpp">
      <Filter>Header Files</Filter>
    </ClInclude>
    <ClInclude Include="src\sgpp\pde\operation\hash\OperationLaplaceExplicitModBspline.hpp">
      <Filter>Header Files</Filter>
    </ClInclude>
    <ClInclude Include="src\sgpp\pde\operation\hash\OperationLaplaceLinear.hpp">
      <Filter>Header Files</Filter>
    </ClInclude>
    <ClInclude Include="src\sgpp\pde\operation\hash\OperationLaplaceLinearBoundary.hpp">
      <Filter>Header Files</Filter>
    </ClInclude>
    <ClInclude Include="src\sgpp\pde\operation\hash\OperationLaplaceLinearStretched.hpp">
      <Filter>Header Files</Filter>
    </ClInclude>
    <ClInclude Include="src\sgpp\pde\operation\hash\OperationLaplaceLinearStretchedBoundary.hpp">
      <Filter>Header Files</Filter>
    </ClInclude>
    <ClInclude Include="src\sgpp\pde\operation\hash\OperationLaplaceModBspline.hpp">
      <Filter>Header Files</Filter>
    </ClInclude>
    <ClInclude Include="src\sgpp\pde\operation\hash\OperationLaplaceModBsplineClenshawCurtis.hpp">
      <Filter>Header Files</Filter>
    </ClInclude>
    <ClInclude Include="src\sgpp\pde\operation\hash\OperationLaplaceModLinear.hpp">
      <Filter>Header Files</Filter>
    </ClInclude>
    <ClInclude Include="src\sgpp\pde\operation\hash\OperationLaplaceModPoly.hpp">
      <Filter>Header Files</Filter>
    </ClInclude>
    <ClInclude Include="src\sgpp\pde\operation\hash\OperationLaplaceModPolyClenshawCurtis.hpp">
      <Filter>Header Files</Filter>
    </ClInclude>
    <ClInclude Include="src\sgpp\pde\operation\hash\OperationLaplacePoly.hpp">
      <Filter>Header Files</Filter>
    </ClInclude>
    <ClInclude Include="src\sgpp\pde\operation\hash\OperationLaplacePolyBoundary.hpp">
      <Filter>Header Files</Filter>
    </ClInclude>
    <ClInclude Include="src\sgpp\pde\operation\hash\OperationLaplacePolyClenshawCurtis.hpp">
      <Filter>Header Files</Filter>
    </ClInclude>
    <ClInclude Include="src\sgpp\pde\operation\hash\OperationLaplacePolyClenshawCurtisBoundary.hpp">
      <Filter>Header Files</Filter>
    </ClInclude>
    <ClInclude Include="src\sgpp\pde\operation\hash\OperationLaplacePrewavelet.hpp">
      <Filter>Header Files</Filter>
    </ClInclude>
    <ClInclude Include="src\sgpp\pde\operation\hash\OperationLTwoDotProductLinear.hpp">
      <Filter>Header Files</Filter>
    </ClInclude>
    <ClInclude Include="src\sgpp\pde\operation\hash\OperationLTwoDotProductLinearBoundary.hpp">
      <Filter>Header Files</Filter>
    </ClInclude>
    <ClInclude Include="src\sgpp\pde\operation\hash\OperationLTwoDotProductLinearStretched.hpp">
      <Filter>Header Files</Filter>
    </ClInclude>
    <ClInclude Include="src\sgpp\pde\operation\hash\OperationLTwoDotProductLinearStretchedBoundary.hpp">
      <Filter>Header Files</Filter>
    </ClInclude>
    <ClInclude Include="src\sgpp\pde\operation\hash\OperationMatrixLTwoDotBspline.hpp">
      <Filter>Header Files</Filter>
    </ClInclude>
    <ClInclude Include="src\sgpp\pde\operation\hash\OperationMatrixLTwoDotBsplineBoundary.hpp">
      <Filter>Header Files</Filter>
    </ClInclude>
    <ClInclude Include="src\sgpp\pde\operation\hash\OperationMatrixLTwoDotBsplineClenshawCurtis.hpp">
      <Filter>Header Files</Filter>
    </ClInclude>
    <ClInclude Include="src\sgpp\pde\operation\hash\OperationMatrixLTwoDotExplicitBspline.hpp">
      <Filter>Header Files</Filter>
    </ClInclude>
    <ClInclude Include="src\sgpp\pde\operation\hash\OperationMatrixLTwoDotExplicitBsplineBoundary.hpp">
      <Filter>Header Files</Filter>
    </ClInclude>
    <ClInclude Include="src\sgpp\pde\operation\hash\OperationMatrixLTwoDotExplicitBsplineClenshawCurtis.hpp">
      <Filter>Header Files</Filter>
    </ClInclude>
    <ClInclude Include="src\sgpp\pde\operation\hash\OperationMatrixLTwoDotExplicitLinear.hpp">
      <Filter>Header Files</Filter>
    </ClInclude>
    <ClInclude Include="src\sgpp\pde\operation\hash\OperationMatrixLTwoDotExplicitLinearBoundary.hpp">
      <Filter>Header Files</Filter>
    </ClInclude>
    <ClInclude Include="src\sgpp\pde\operation\hash\OperationMatrixLTwoDotExplicitModBspline.hpp">
      <Filter>Header Files</Filter>
    </ClInclude>
    <ClInclude Include="src\sgpp\pde\operation\hash\OperationMatrixLTwoDotExplicitModBsplineClenshawCurtis.hpp">
      <Filter>Header Files</Filter>
    </ClInclude>
    <ClInclude Include="src\sgpp\pde\operation\hash\OperationMatrixLTwoDotExplicitModifiedLinear.hpp">
      <Filter>Header Files</Filter>
    </ClInclude>
    <ClInclude Include="src\sgpp\pde\operation\hash\OperationMatrixLTwoDotExplicitModLinear.hpp">
      <Filter>Header Files</Filter>
    </ClInclude>
    <ClInclude Include="src\sgpp\pde\operation\hash\OperationMatrixLTwoDotExplicitModPoly.hpp">
      <Filter>Header Files</Filter>
    </ClInclude>
    <ClInclude Include="src\sgpp\pde\operation\hash\OperationMatrixLTwoDotExplicitModPolyClenshawCurtis.hpp">
      <Filter>Header Files</Filter>
    </ClInclude>
    <ClInclude Include="src\sgpp\pde\operation\hash\OperationMatrixLTwoDotExplicitPeriodic.hpp">
      <Filter>Header Files</Filter>
    </ClInclude>
    <ClInclude Include="src\sgpp\pde\operation\hash\OperationMatrixLTwoDotExplicitPoly.hpp">
      <Filter>Header Files</Filter>
    </ClInclude>
    <ClInclude Include="src\sgpp\pde\operation\hash\OperationMatrixLTwoDotExplicitPolyBoundary.hpp">
      <Filter>Header Files</Filter>
    </ClInclude>
    <ClInclude Include="src\sgpp\pde\operation\hash\OperationMatrixLTwoDotExplicitPolyClenshawCurtis.hpp">
      <Filter>Header Files</Filter>
    </ClInclude>
    <ClInclude Include="src\sgpp\pde\operation\hash\OperationMatrixLTwoDotExplicitPolyClenshawCurtisBoundary.hpp">
      <Filter>Header Files</Filter>
    </ClInclude>
    <ClInclude Include="src\sgpp\pde\operation\hash\OperationMatrixLTwoDotModBspline.hpp">
      <Filter>Header Files</Filter>
    </ClInclude>
    <ClInclude Include="src\sgpp\pde\operation\hash\OperationMatrixLTwoDotModBsplineClenshawCurtis.hpp">
      <Filter>Header Files</Filter>
    </ClInclude>
    <ClInclude Include="src\sgpp\pde\operation\hash\OperationMatrixLTwoDotModLinear.hpp">
      <Filter>Header Files</Filter>
    </ClInclude>
    <ClInclude Include="src\sgpp\pde\operation\hash\OperationMatrixLTwoDotModPoly.hpp">
      <Filter>Header Files</Filter>
    </ClInclude>
    <ClInclude Include="src\sgpp\pde\operation\hash\OperationMatrixLTwoDotModPolyClenshawCurtis.hpp">
      <Filter>Header Files</Filter>
    </ClInclude>
    <ClInclude Include="src\sgpp\pde\operation\hash\OperationMatrixLTwoDotPeriodic.hpp">
      <Filter>Header Files</Filter>
    </ClInclude>
    <ClInclude Include="src\sgpp\pde\operation\hash\OperationMatrixLTwoDotPoly.hpp">
      <Filter>Header Files</Filter>
    </ClInclude>
    <ClInclude Include="src\sgpp\pde\operation\hash\OperationMatrixLTwoDotPolyBoundary.hpp">
      <Filter>Header Files</Filter>
    </ClInclude>
    <ClInclude Include="src\sgpp\pde\operation\hash\OperationMatrixLTwoDotPolyClenshawCurtis.hpp">
      <Filter>Header Files</Filter>
    </ClInclude>
    <ClInclude Include="src\sgpp\pde\operation\hash\OperationMatrixLTwoDotPolyClenshawCurtisBoundary.hpp">
      <Filter>Header Files</Filter>
    </ClInclude>
    <ClInclude Include="src\sgpp\pde\operation\hash\OperationParabolicPDESolverSystemDirichlet.hpp">
      <Filter>Header Files</Filter>
    </ClInclude>
    <ClInclude Include="src\sgpp\pde\operation\hash\OperationParabolicPDESolverSystemFreeBoundaries.hpp">
      <Filter>Header Files</Filter>
    </ClInclude>
    <ClInclude Include="src\sgpp\pde\operation\hash\UpdPhidPhiBBIterativeLinearBoundary.hpp">
      <Filter>Header Files</Filter>
    </ClInclude>
    <ClInclude Include="src\sgpp\pde\operation\PdeOpFactory.hpp">
      <Filter>Header Files</Filter>
    </ClInclude>
    <ClInclude Include="src\sgpp_pde.hpp">
      <Filter>Header Files</Filter>
    </ClInclude>
  </ItemGroup>
  <ItemGroup>
    <None Include="packages.config" />
  </ItemGroup>
</Project>