<?xml version="1.0" encoding="utf-8"?>
<Project ToolsVersion="4.0" xmlns="http://schemas.microsoft.com/developer/msbuild/2003">
  <ItemGroup>
    <Filter Include="Source Files">
      <UniqueIdentifier>{4FC737F1-C7A5-4376-A066-2A32D752A2FF}</UniqueIdentifier>
      <Extensions>cpp;c;cc;cxx;c++;cppm;ixx;def;odl;idl;hpj;bat;asm;asmx</Extensions>
    </Filter>
    <Filter Include="Header Files">
      <UniqueIdentifier>{93995380-89BD-4b04-88EB-625FBE52EBFB}</UniqueIdentifier>
      <Extensions>h;hh;hpp;hxx;h++;hm;inl;inc;ipp;xsd</Extensions>
    </Filter>
    <Filter Include="Resource Files">
      <UniqueIdentifier>{67DA6AB6-F800-4c08-8B7A-83BB121AAD01}</UniqueIdentifier>
      <Extensions>rc;ico;cur;bmp;dlg;rc2;rct;bin;rgs;gif;jpg;jpeg;jpe;resx;tiff;tif;png;wav;mfcribbon-ms</Extensions>
    </Filter>
  </ItemGroup>
  <ItemGroup>
    <ClInclude Include="src\sgpp\datadriven\algorithm\AlgorithmAdaBoostBase.hpp">
      <Filter>Header Files</Filter>
    </ClInclude>
    <ClInclude Include="src\sgpp\datadriven\algorithm\AlgorithmAdaBoostIdentity.hpp">
      <Filter>Header Files</Filter>
    </ClInclude>
    <ClInclude Include="src\sgpp\datadriven\algorithm\AlgorithmMultipleEvaluationDistributed.hpp">
      <Filter>Header Files</Filter>
    </ClInclude>
    <ClInclude Include="src\sgpp\datadriven\algorithm\CombiScheme.hpp">
      <Filter>Header Files</Filter>
    </ClInclude>
    <ClInclude Include="src\sgpp\datadriven\algorithm\DBMatDatabase.hpp">
      <Filter>Header Files</Filter>
    </ClInclude>
    <ClInclude Include="src\sgpp\datadriven\algorithm\DBMatDecompMatrixSolver.hpp">
      <Filter>Header Files</Filter>
    </ClInclude>
    <ClInclude Include="src\sgpp\datadriven\algorithm\DBMatDMS_SMW.hpp">
      <Filter>Header Files</Filter>
    </ClInclude>
    <ClInclude Include="src\sgpp\datadriven\algorithm\DBMatDMSBackSub.hpp">
      <Filter>Header Files</Filter>
    </ClInclude>
    <ClInclude Include="src\sgpp\datadriven\algorithm\DBMatDMSChol.hpp">
      <Filter>Header Files</Filter>
    </ClInclude>
    <ClInclude Include="src\sgpp\datadriven\algorithm\DBMatDMSDenseIChol.hpp">
      <Filter>Header Files</Filter>
    </ClInclude>
    <ClInclude Include="src\sgpp\datadriven\algorithm\DBMatDMSEigen.hpp">
      <Filter>Header Files</Filter>
    </ClInclude>
    <ClInclude Include="src\sgpp\datadriven\algorithm\DBMatDMSOrthoAdapt.hpp">
      <Filter>Header Files</Filter>
    </ClInclude>
    <ClInclude Include="src\sgpp\datadriven\algorithm\DBMatObjectStore.hpp">
      <Filter>Header Files</Filter>
    </ClInclude>
    <ClInclude Include="src\sgpp\datadriven\algorithm\DBMatOffline.hpp">
      <Filter>Header Files</Filter>
    </ClInclude>
    <ClInclude Include="src\sgpp\datadriven\algorithm\DBMatOfflineChol.hpp">
      <Filter>Header Files</Filter>
    </ClInclude>
    <ClInclude Include="src\sgpp\datadriven\algorithm\DBMatOfflineDenseIChol.hpp">
      <Filter>Header Files</Filter>
    </ClInclude>
    <ClInclude Include="src\sgpp\datadriven\algorithm\DBMatOfflineEigen.hpp">
      <Filter>Header Files</Filter>
    </ClInclude>
    <ClInclude Include="src\sgpp\datadriven\algorithm\DBMatOfflineFactory.hpp">
      <Filter>Header Files</Filter>
    </ClInclude>
    <ClInclude Include="src\sgpp\datadriven\algorithm\DBMatOfflineGE.hpp">
      <Filter>Header Files</Filter>
    </ClInclude>
    <ClInclude Include="src\sgpp\datadriven\algorithm\DBMatOfflineLU.hpp">
      <Filter>Header Files</Filter>
    </ClInclude>
    <ClInclude Include="src\sgpp\datadriven\algorithm\DBMatOfflineOrthoAdapt.hpp">
      <Filter>Header Files</Filter>
    </ClInclude>
    <ClInclude Include="src\sgpp\datadriven\algorithm\DBMatOfflinePermutable.hpp">
      <Filter>Header Files</Filter>
    </ClInclude>
    <ClInclude Include="src\sgpp\datadriven\algorithm\DBMatOnline.hpp">
      <Filter>Header Files</Filter>
    </ClInclude>
    <ClInclude Include="src\sgpp\datadriven\algorithm\DBMatOnlineDE.hpp">
      <Filter>Header Files</Filter>
    </ClInclude>
    <ClInclude Include="src\sgpp\datadriven\algorithm\DBMatOnlineDE_SMW.hpp">
      <Filter>Header Files</Filter>
    </ClInclude>
    <ClInclude Include="src\sgpp\datadriven\algorithm\DBMatOnlineDEChol.hpp">
      <Filter>Header Files</Filter>
    </ClInclude>
    <ClInclude Include="src\sgpp\datadriven\algorithm\DBMatOnlineDEEigen.hpp">
      <Filter>Header Files</Filter>
    </ClInclude>
    <ClInclude Include="src\sgpp\datadriven\algorithm\DBMatOnlineDEFactory.hpp">
      <Filter>Header Files</Filter>
    </ClInclude>
    <ClInclude Include="src\sgpp\datadriven\algorithm\DBMatOnlineDELU.hpp">
      <Filter>Header Files</Filter>
    </ClInclude>
    <ClInclude Include="src\sgpp\datadriven\algorithm\DBMatOnlineDEOrthoAdapt.hpp">
      <Filter>Header Files</Filter>
    </ClInclude>
    <ClInclude Include="src\sgpp\datadriven\algorithm\DBMatPermutationFactory.hpp">
      <Filter>Header Files</Filter>
    </ClInclude>
    <ClInclude Include="src\sgpp\datadriven\algorithm\DensityDifferenceSystemMatrix.hpp">
      <Filter>Header Files</Filter>
    </ClInclude>
    <ClInclude Include="src\sgpp\datadriven\algorithm\DensitySystemMatrix.hpp">
      <Filter>Header Files</Filter>
    </ClInclude>
    <ClInclude Include="src\sgpp\datadriven\algorithm\DMSystemMatrix.hpp">
      <Filter>Header Files</Filter>
    </ClInclude>
    <ClInclude Include="src\sgpp\datadriven\algorithm\DMSystemMatrixBase.hpp">
      <Filter>Header Files</Filter>
    </ClInclude>
    <ClInclude Include="src\sgpp\datadriven\algorithm\DMSystemMatrixBaseSP.hpp">
      <Filter>Header Files</Filter>
    </ClInclude>
    <ClInclude Include="src\sgpp\datadriven\algorithm\DMSystemMatrixDRE.hpp">
      <Filter>Header Files</Filter>
    </ClInclude>
    <ClInclude Include="src\sgpp\datadriven\algorithm\DMWeightMatrix.hpp">
      <Filter>Header Files</Filter>
    </ClInclude>
    <ClInclude Include="src\sgpp\datadriven\algorithm\GridFactory.hpp">
      <Filter>Header Files</Filter>
    </ClInclude>
    <ClInclude Include="src\sgpp\datadriven\algorithm\LogDensitySystemMatrix.hpp">
      <Filter>Header Files</Filter>
    </ClInclude>
    <ClInclude Include="src\sgpp\datadriven\algorithm\PiecewiseConstantSmoothedRegressionSystemMatrix.hpp">
      <Filter>Header Files</Filter>
    </ClInclude>
    <ClInclude Include="src\sgpp\datadriven\algorithm\RefinementMonitor.hpp">
      <Filter>Header Files</Filter>
    </ClInclude>
    <ClInclude Include="src\sgpp\datadriven\algorithm\RefinementMonitorConvergence.hpp">
      <Filter>Header Files</Filter>
    </ClInclude>
    <ClInclude Include="src\sgpp\datadriven\algorithm\RefinementMonitorFactory.hpp">
      <Filter>Header Files</Filter>
    </ClInclude>
    <ClInclude Include="src\sgpp\datadriven\algorithm\RefinementMonitorPeriodic.hpp">
      <Filter>Header Files</Filter>
    </ClInclude>
    <ClInclude Include="src\sgpp\datadriven\algorithm\SystemMatrixDensityRatioEstimation.hpp">
      <Filter>Header Files</Filter>
    </ClInclude>
    <ClInclude Include="src\sgpp\datadriven\algorithm\SystemMatrixLeastSquaresIdentity.hpp">
      <Filter>Header Files</Filter>
    </ClInclude>
    <ClInclude Include="src\sgpp\datadriven\algorithm\test_dataset.hpp">
      <Filter>Header Files</Filter>
    </ClInclude>
    <ClInclude Include="src\sgpp\datadriven\application\ClassificationLearner.hpp">
      <Filter>Header Files</Filter>
    </ClInclude>
    <ClInclude Include="src\sgpp\datadriven\application\DensityEstimator.hpp">
      <Filter>Header Files</Filter>
    </ClInclude>
    <ClInclude Include="src\sgpp\datadriven\application\KernelDensityEstimator.hpp">
      <Filter>Header Files</Filter>
    </ClInclude>
    <ClInclude Include="src\sgpp\datadriven\application\Learner.hpp">
      <Filter>Header Files</Filter>
    </ClInclude>
    <ClInclude Include="src\sgpp\datadriven\application\LearnerBase.hpp">
      <Filter>Header Files</Filter>
    </ClInclude>
    <ClInclude Include="src\sgpp\datadriven\application\LearnerBaseSP.hpp">
      <Filter>Header Files</Filter>
    </ClInclude>
    <ClInclude Include="src\sgpp\datadriven\application\LearnerLeastSquaresIdentity.hpp">
      <Filter>Header Files</Filter>
    </ClInclude>
    <ClInclude Include="src\sgpp\datadriven\application\LearnerScenario.hpp">
      <Filter>Header Files</Filter>
    </ClInclude>
    <ClInclude Include="src\sgpp\datadriven\application\LearnerSGD.hpp">
      <Filter>Header Files</Filter>
    </ClInclude>
    <ClInclude Include="src\sgpp\datadriven\application\LearnerSGDE.hpp">
      <Filter>Header Files</Filter>
    </ClInclude>
    <ClInclude Include="src\sgpp\datadriven\application\LearnerSVM.hpp">
      <Filter>Header Files</Filter>
    </ClInclude>
    <ClInclude Include="src\sgpp\datadriven\application\MetaLearner.hpp">
      <Filter>Header Files</Filter>
    </ClInclude>
    <ClInclude Include="src\sgpp\datadriven\application\PrimalDualSVM.hpp">
      <Filter>Header Files</Filter>
    </ClInclude>
    <ClInclude Include="src\sgpp\datadriven\application\RegressionLearner.hpp">
      <Filter>Header Files</Filter>
    </ClInclude>
    <ClInclude Include="src\sgpp\datadriven\application\SparseGridDensityEstimator.hpp">
      <Filter>Header Files</Filter>
    </ClInclude>
    <ClInclude Include="src\sgpp\datadriven\application\StaticParameterTuner.hpp">
      <Filter>Header Files</Filter>
    </ClInclude>
    <ClInclude Include="src\sgpp\datadriven\application\TunableParameter.hpp">
      <Filter>Header Files</Filter>
    </ClInclude>
    <ClInclude Include="src\sgpp\datadriven\configuration\CrossvalidationConfiguration.hpp">
      <Filter>Header Files</Filter>
    </ClInclude>
    <ClInclude Include="src\sgpp\datadriven\configuration\DatabaseConfiguration.hpp">
      <Filter>Header Files</Filter>
    </ClInclude>
    <ClInclude Include="src\sgpp\datadriven\configuration\DensityEstimationConfiguration.hpp">
      <Filter>Header Files</Filter>
    </ClInclude>
    <ClInclude Include="src\sgpp\datadriven\configuration\DensityEstimationTypeParser.hpp">
      <Filter>Header Files</Filter>
    </ClInclude>
    <ClInclude Include="src\sgpp\datadriven\configuration\GeometryConfiguration.hpp">
      <Filter>Header Files</Filter>
    </ClInclude>
    <ClInclude Include="src\sgpp\datadriven\configuration\GeometryConfigurationParser.hpp">
      <Filter>Header Files</Filter>
    </ClInclude>
    <ClInclude Include="src\sgpp\datadriven\configuration\LearnerConfiguration.hpp">
      <Filter>Header Files</Filter>
    </ClInclude>
    <ClInclude Include="src\sgpp\datadriven\configuration\MatrixDecompositionTypeParser.hpp">
      <Filter>Header Files</Filter>
    </ClInclude>
    <ClInclude Include="src\sgpp\datadriven\configuration\ParallelConfiguration.hpp">
      <Filter>Header Files</Filter>
    </ClInclude>
    <ClInclude Include="src\sgpp\datadriven\configuration\RegularizationConfiguration.hpp">
      <Filter>Header Files</Filter>
    </ClInclude>
    <ClInclude Include="src\sgpp\datadriven\configuration\RegularizationTypeParser.hpp">
      <Filter>Header Files</Filter>
    </ClInclude>
    <ClInclude Include="src\sgpp\datadriven\datamining\base\SparseGridMiner.hpp">
      <Filter>Header Files</Filter>
    </ClInclude>
    <ClInclude Include="src\sgpp\datadriven\datamining\base\SparseGridMinerCrossValidation.hpp">
      <Filter>Header Files</Filter>
    </ClInclude>
    <ClInclude Include="src\sgpp\datadriven\datamining\base\SparseGridMinerSplitting.hpp">
      <Filter>Header Files</Filter>
    </ClInclude>
    <ClInclude Include="src\sgpp\datadriven\datamining\base\SparseGridMinerSplittingTwoDatasets.hpp">
      <Filter>Header Files</Filter>
    </ClInclude>
    <ClInclude Include="src\sgpp\datadriven\datamining\builder\ClassificationMinerFactory.hpp">
      <Filter>Header Files</Filter>
    </ClInclude>
    <ClInclude Include="src\sgpp\datadriven\datamining\builder\DataSourceBuilder.hpp">
      <Filter>Header Files</Filter>
    </ClInclude>
    <ClInclude Include="src\sgpp\datadriven\datamining\builder\DensityDifferenceEstimationMinerFactory.hpp">
      <Filter>Header Files</Filter>
    </ClInclude>
    <ClInclude Include="src\sgpp\datadriven\datamining\builder\DensityEstimationMinerFactory.hpp">
      <Filter>Header Files</Filter>
    </ClInclude>
    <ClInclude Include="src\sgpp\datadriven\datamining\builder\DensityRatioEstimationMinerFactory.hpp">
      <Filter>Header Files</Filter>
    </ClInclude>
    <ClInclude Include="src\sgpp\datadriven\datamining\builder\LeastSquaresRegressionMinerFactory.hpp">
      <Filter>Header Files</Filter>
    </ClInclude>
    <ClInclude Include="src\sgpp\datadriven\datamining\builder\MinerFactory.hpp">
      <Filter>Header Files</Filter>
    </ClInclude>
    <ClInclude Include="src\sgpp\datadriven\datamining\builder\ScorerFactory.hpp">
      <Filter>Header Files</Filter>
    </ClInclude>
    <ClInclude Include="src\sgpp\datadriven\datamining\builder\UniversalMinerFactory.hpp">
      <Filter>Header Files</Filter>
    </ClInclude>
    <ClInclude Include="src\sgpp\datadriven\datamining\configuration\DataMiningConfigParser.hpp">
      <Filter>Header Files</Filter>
    </ClInclude>
    <ClInclude Include="src\sgpp\datadriven\datamining\modules\dataSource\shuffling\DataShufflingFunctor.hpp">
      <Filter>Header Files</Filter>
    </ClInclude>
    <ClInclude Include="src\sgpp\datadriven\datamining\modules\dataSource\shuffling\DataShufflingFunctorCrossValidation.hpp">
      <Filter>Header Files</Filter>
    </ClInclude>
    <ClInclude Include="src\sgpp\datadriven\datamining\modules\dataSource\shuffling\DataShufflingFunctorFactory.hpp">
      <Filter>Header Files</Filter>
    </ClInclude>
    <ClInclude Include="src\sgpp\datadriven\datamining\modules\dataSource\shuffling\DataShufflingFunctorSequential.hpp">
      <Filter>Header Files</Filter>
    </ClInclude>
    <ClInclude Include="src\sgpp\datadriven\datamining\modules\dataSource\shuffling\DataSourceShufflingTypeParser.hpp">
      <Filter>Header Files</Filter>
    </ClInclude>
    <ClInclude Include="src\sgpp\datadriven\datamining\modules\dataSource\ArffFileSampleProvider.hpp">
      <Filter>Header Files</Filter>
    </ClInclude>
    <ClInclude Include="src\sgpp\datadriven\datamining\modules\dataSource\CSVFileSampleProvider.hpp">
      <Filter>Header Files</Filter>
    </ClInclude>
    <ClInclude Include="src\sgpp\datadriven\datamining\modules\dataSource\DataSource.hpp">
      <Filter>Header Files</Filter>
    </ClInclude>
    <ClInclude Include="src\sgpp\datadriven\datamining\modules\dataSource\DataSourceConfig.hpp">
      <Filter>Header Files</Filter>
    </ClInclude>
    <ClInclude Include="src\sgpp\datadriven\datamining\modules\dataSource\DataSourceCrossValidation.hpp">
      <Filter>Header Files</Filter>
    </ClInclude>
    <ClInclude Include="src\sgpp\datadriven\datamining\modules\dataSource\DataSourceFileTypeParser.hpp">
      <Filter>Header Files</Filter>
    </ClInclude>
    <ClInclude Include="src\sgpp\datadriven\datamining\modules\dataSource\DataSourceIterator.hpp">
      <Filter>Header Files</Filter>
    </ClInclude>
    <ClInclude Include="src\sgpp\datadriven\datamining\modules\dataSource\DataSourceSplitting.hpp">
      <Filter>Header Files</Filter>
    </ClInclude>
    <ClInclude Include="src\sgpp\datadriven\datamining\modules\dataSource\DataTransformation.hpp">
      <Filter>Header Files</Filter>
    </ClInclude>
    <ClInclude Include="src\sgpp\datadriven\datamining\modules\dataSource\DataTransformationBuilder.hpp">
      <Filter>Header Files</Filter>
    </ClInclude>
    <ClInclude Include="src\sgpp\datadriven\datamining\modules\dataSource\DataTransformationConfig.hpp">
      <Filter>Header Files</Filter>
    </ClInclude>
    <ClInclude Include="src\sgpp\datadriven\datamining\modules\dataSource\DataTransformationTypeParser.hpp">
      <Filter>Header Files</Filter>
    </ClInclude>
    <ClInclude Include="src\sgpp\datadriven\datamining\modules\dataSource\FileSampleDecorator.hpp">
      <Filter>Header Files</Filter>
    </ClInclude>
    <ClInclude Include="src\sgpp\datadriven\datamining\modules\dataSource\FileSampleProvider.hpp">
      <Filter>Header Files</Filter>
    </ClInclude>
    <ClInclude Include="src\sgpp\datadriven\datamining\modules\dataSource\GzipFileSampleDecorator.hpp">
      <Filter>Header Files</Filter>
    </ClInclude>
    <ClInclude Include="src\sgpp\datadriven\datamining\modules\dataSource\RosenblattTransformation.hpp">
      <Filter>Header Files</Filter>
    </ClInclude>
    <ClInclude Include="src\sgpp\datadriven\datamining\modules\dataSource\RosenblattTransformationConfig.hpp">
      <Filter>Header Files</Filter>
    </ClInclude>
    <ClInclude Include="src\sgpp\datadriven\datamining\modules\dataSource\SampleProvider.hpp">
      <Filter>Header Files</Filter>
    </ClInclude>
    <ClInclude Include="src\sgpp\datadriven\datamining\modules\fitting\FitterConfiguration.hpp">
      <Filter>Header Files</Filter>
    </ClInclude>
    <ClInclude Include="src\sgpp\datadriven\datamining\modules\fitting\FitterConfigurationClassification.hpp">
      <Filter>Header Files</Filter>
    </ClInclude>
    <ClInclude Include="src\sgpp\datadriven\datamining\modules\fitting\FitterConfigurationDensityEstimation.hpp">
      <Filter>Header Files</Filter>
    </ClInclude>
    <ClInclude Include="src\sgpp\datadriven\datamining\modules\fitting\FitterConfigurationLeastSquares.hpp">
      <Filter>Header Files</Filter>
    </ClInclude>
    <ClInclude Include="src\sgpp\datadriven\datamining\modules\fitting\FitterTypeParser.hpp">
      <Filter>Header Files</Filter>
    </ClInclude>
    <ClInclude Include="src\sgpp\datadriven\datamining\modules\fitting\ModelFittingBase.hpp">
      <Filter>Header Files</Filter>
    </ClInclude>
    <ClInclude Include="src\sgpp\datadriven\datamining\modules\fitting\ModelFittingBaseSingleGrid.hpp">
      <Filter>Header Files</Filter>
    </ClInclude>
    <ClInclude Include="src\sgpp\datadriven\datamining\modules\fitting\ModelFittingClassification.hpp">
      <Filter>Header Files</Filter>
    </ClInclude>
    <ClInclude Include="src\sgpp\datadriven\datamining\modules\fitting\ModelFittingDensityDifferenceEstimationCG.hpp">
      <Filter>Header Files</Filter>
    </ClInclude>
    <ClInclude Include="src\sgpp\datadriven\datamining\modules\fitting\ModelFittingDensityDifferenceEstimationOnOff.hpp">
      <Filter>Header Files</Filter>
    </ClInclude>
    <ClInclude Include="src\sgpp\datadriven\datamining\modules\fitting\ModelFittingDensityEstimation.hpp">
      <Filter>Header Files</Filter>
    </ClInclude>
    <ClInclude Include="src\sgpp\datadriven\datamining\modules\fitting\ModelFittingDensityEstimationCG.hpp">
      <Filter>Header Files</Filter>
    </ClInclude>
    <ClInclude Include="src\sgpp\datadriven\datamining\modules\fitting\ModelFittingDensityEstimationCombi.hpp">
      <Filter>Header Files</Filter>
    </ClInclude>
    <ClInclude Include="src\sgpp\datadriven\datamining\modules\fitting\ModelFittingDensityEstimationOnOff.hpp">
      <Filter>Header Files</Filter>
    </ClInclude>
    <ClInclude Include="src\sgpp\datadriven\datamining\modules\fitting\ModelFittingDensityEstimationOnOffParallel.hpp">
      <Filter>Header Files</Filter>
    </ClInclude>
    <ClInclude Include="src\sgpp\datadriven\datamining\modules\fitting\ModelFittingDensityRatioEstimation.hpp">
      <Filter>Header Files</Filter>
    </ClInclude>
    <ClInclude Include="src\sgpp\datadriven\datamining\modules\fitting\ModelFittingLeastSquares.hpp">
      <Filter>Header Files</Filter>
    </ClInclude>
    <ClInclude Include="src\sgpp\datadriven\datamining\modules\hpo\bo\BayesianOptimization.hpp">
      <Filter>Header Files</Filter>
    </ClInclude>
    <ClInclude Include="src\sgpp\datadriven\datamining\modules\hpo\bo\BOConfig.hpp">
      <Filter>Header Files</Filter>
    </ClInclude>
    <ClInclude Include="src\sgpp\datadriven\datamining\modules\hpo\harmonica\ConfigurationBit.hpp">
      <Filter>Header Files</Filter>
    </ClInclude>
    <ClInclude Include="src\sgpp\datadriven\datamining\modules\hpo\harmonica\ConfigurationRestriction.hpp">
      <Filter>Header Files</Filter>
    </ClInclude>
    <ClInclude Include="src\sgpp\datadriven\datamining\modules\hpo\harmonica\Harmonica.hpp">
      <Filter>Header Files</Filter>
    </ClInclude>
    <ClInclude Include="src\sgpp\datadriven\datamining\modules\hpo\harmonica\OperationMultipleEvalMatrix.hpp">
      <Filter>Header Files</Filter>
    </ClInclude>
    <ClInclude Include="src\sgpp\datadriven\datamining\modules\hpo\parameters\ContinuousParameter.hpp">
      <Filter>Header Files</Filter>
    </ClInclude>
    <ClInclude Include="src\sgpp\datadriven\datamining\modules\hpo\parameters\DiscreteParameter.hpp">
      <Filter>Header Files</Filter>
    </ClInclude>
    <ClInclude Include="src\sgpp\datadriven\datamining\modules\hpo\parameters\HyperParameter.hpp">
      <Filter>Header Files</Filter>
    </ClInclude>
    <ClInclude Include="src\sgpp\datadriven\datamining\modules\hpo\ClassificationFitterFactory.hpp">
      <Filter>Header Files</Filter>
    </ClInclude>
    <ClInclude Include="src\sgpp\datadriven\datamining\modules\hpo\DensityEstimationFitterFactory.hpp">
      <Filter>Header Files</Filter>
    </ClInclude>
    <ClInclude Include="src\sgpp\datadriven\datamining\modules\hpo\FitterFactory.hpp">
      <Filter>Header Files</Filter>
    </ClInclude>
    <ClInclude Include="src\sgpp\datadriven\datamining\modules\hpo\HPOConfig.hpp">
      <Filter>Header Files</Filter>
    </ClInclude>
    <ClInclude Include="src\sgpp\datadriven\datamining\modules\hpo\HyperparameterOptimizer.hpp">
      <Filter>Header Files</Filter>
    </ClInclude>
    <ClInclude Include="src\sgpp\datadriven\datamining\modules\hpo\LeastSquaresRegressionFitterFactory.hpp">
      <Filter>Header Files</Filter>
    </ClInclude>
    <ClInclude Include="src\sgpp\datadriven\datamining\modules\scoring\Accuracy.hpp">
      <Filter>Header Files</Filter>
    </ClInclude>
    <ClInclude Include="src\sgpp\datadriven\datamining\modules\scoring\Metric.hpp">
      <Filter>Header Files</Filter>
    </ClInclude>
    <ClInclude Include="src\sgpp\datadriven\datamining\modules\scoring\MSE.hpp">
      <Filter>Header Files</Filter>
    </ClInclude>
    <ClInclude Include="src\sgpp\datadriven\datamining\modules\scoring\NegativeLogLikelihood.hpp">
      <Filter>Header Files</Filter>
    </ClInclude>
    <ClInclude Include="src\sgpp\datadriven\datamining\modules\scoring\ResidualScore.hpp">
      <Filter>Header Files</Filter>
    </ClInclude>
    <ClInclude Include="src\sgpp\datadriven\datamining\modules\scoring\Scorer.hpp">
      <Filter>Header Files</Filter>
    </ClInclude>
    <ClInclude Include="src\sgpp\datadriven\datamining\modules\scoring\ScorerConfig.hpp">
      <Filter>Header Files</Filter>
    </ClInclude>
    <ClInclude Include="src\sgpp\datadriven\datamining\modules\scoring\ScorerMetricTypeParser.hpp">
      <Filter>Header Files</Filter>
    </ClInclude>
    <ClInclude Include="src\sgpp\datadriven\datamining\modules\visualization\VisualizationGeneralConfig.hpp">
      <Filter>Header Files</Filter>
    </ClInclude>
    <ClInclude Include="src\sgpp\datadriven\datamining\modules\visualization\VisualizationParameters.hpp">
      <Filter>Header Files</Filter>
    </ClInclude>
    <ClInclude Include="src\sgpp\datadriven\datamining\modules\visualization\VisualizationTypesParser.hpp">
      <Filter>Header Files</Filter>
    </ClInclude>
    <ClInclude Include="src\sgpp\datadriven\datamining\modules\visualization\Visualizer.hpp">
      <Filter>Header Files</Filter>
    </ClInclude>
    <ClInclude Include="src\sgpp\datadriven\datamining\modules\visualization\VisualizerClassification.hpp">
      <Filter>Header Files</Filter>
    </ClInclude>
    <ClInclude Include="src\sgpp\datadriven\datamining\modules\visualization\VisualizerConfiguration.hpp">
      <Filter>Header Files</Filter>
    </ClInclude>
    <ClInclude Include="src\sgpp\datadriven\datamining\modules\visualization\VisualizerDensityEstimation.hpp">
      <Filter>Header Files</Filter>
    </ClInclude>
    <ClInclude Include="src\sgpp\datadriven\datamining\modules\visualization\VisualizerDummy.hpp">
      <Filter>Header Files</Filter>
    </ClInclude>
    <ClInclude Include="src\sgpp\datadriven\functors\classification\ClassificationRefinementFunctor.hpp">
      <Filter>Header Files</Filter>
    </ClInclude>
    <ClInclude Include="src\sgpp\datadriven\functors\classification\DataBasedRefinementFunctor.hpp">
      <Filter>Header Files</Filter>
    </ClInclude>
    <ClInclude Include="src\sgpp\datadriven\functors\classification\GridPointBasedRefinementFunctor.hpp">
      <Filter>Header Files</Filter>
    </ClInclude>
    <ClInclude Include="src\sgpp\datadriven\functors\classification\MultipleClassRefinementFunctor.hpp">
      <Filter>Header Files</Filter>
    </ClInclude>
    <ClInclude Include="src\sgpp\datadriven\functors\classification\ZeroCrossingRefinementFunctor.hpp">
      <Filter>Header Files</Filter>
    </ClInclude>
    <ClInclude Include="src\sgpp\datadriven\functors\MultiGridRefinementFunctor.hpp">
      <Filter>Header Files</Filter>
    </ClInclude>
    <ClInclude Include="src\sgpp\datadriven\functors\MultiSurplusRefinementFunctor.hpp">
      <Filter>Header Files</Filter>
    </ClInclude>
    <ClInclude Include="src\sgpp\datadriven\operation\hash\OperationClusteringOCL\OperationClusteringOCL.hpp">
      <Filter>Header Files</Filter>
    </ClInclude>
    <ClInclude Include="src\sgpp\datadriven\operation\hash\OperationDensityMultiplicationAVX\OperationDensityMultiplicationAVX.hpp">
      <Filter>Header Files</Filter>
    </ClInclude>
    <ClInclude Include="src\sgpp\datadriven\operation\hash\OperationPiecewiseConstantRegression\Node.hpp">
      <Filter>Header Files</Filter>
    </ClInclude>
    <ClInclude Include="src\sgpp\datadriven\operation\hash\OperationPiecewiseConstantRegression\OperationPiecewiseConstantRegression.hpp">
      <Filter>Header Files</Filter>
    </ClInclude>
    <ClInclude Include="src\sgpp\datadriven\operation\hash\simple\OperationCovariance.hpp">
      <Filter>Header Files</Filter>
    </ClInclude>
    <ClInclude Include="src\sgpp\datadriven\operation\hash\simple\OperationDensityConditional.hpp">
      <Filter>Header Files</Filter>
    </ClInclude>
    <ClInclude Include="src\sgpp\datadriven\operation\hash\simple\OperationDensityConditionalKDE.hpp">
      <Filter>Header Files</Filter>
    </ClInclude>
    <ClInclude Include="src\sgpp\datadriven\operation\hash\simple\OperationDensityConditionalLinear.hpp">
      <Filter>Header Files</Filter>
    </ClInclude>
    <ClInclude Include="src\sgpp\datadriven\operation\hash\simple\OperationDensityMarginalize.hpp">
      <Filter>Header Files</Filter>
    </ClInclude>
    <ClInclude Include="src\sgpp\datadriven\operation\hash\simple\OperationDensityMarginalizeKDE.hpp">
      <Filter>Header Files</Filter>
    </ClInclude>
    <ClInclude Include="src\sgpp\datadriven\operation\hash\simple\OperationDensityMarginalizeLinear.hpp">
      <Filter>Header Files</Filter>
    </ClInclude>
    <ClInclude Include="src\sgpp\datadriven\operation\hash\simple\OperationDensityMargTo1D.hpp">
      <Filter>Header Files</Filter>
    </ClInclude>
    <ClInclude Include="src\sgpp\datadriven\operation\hash\simple\OperationDensityRejectionSampling.hpp">
      <Filter>Header Files</Filter>
    </ClInclude>
    <ClInclude Include="src\sgpp\datadriven\operation\hash\simple\OperationDensityRejectionSamplingLinear.hpp">
      <Filter>Header Files</Filter>
    </ClInclude>
    <ClInclude Include="src\sgpp\datadriven\operation\hash\simple\OperationDensitySampling.hpp">
      <Filter>Header Files</Filter>
    </ClInclude>
    <ClInclude Include="src\sgpp\datadriven\operation\hash\simple\OperationDensitySampling1D.hpp">
      <Filter>Header Files</Filter>
    </ClInclude>
    <ClInclude Include="src\sgpp\datadriven\operation\hash\simple\OperationDensitySampling1DLinear.hpp">
      <Filter>Header Files</Filter>
    </ClInclude>
    <ClInclude Include="src\sgpp\datadriven\operation\hash\simple\OperationDensitySamplingLinear.hpp">
      <Filter>Header Files</Filter>
    </ClInclude>
    <ClInclude Include="src\sgpp\datadriven\operation\hash\simple\OperationDotProductLinear.hpp">
      <Filter>Header Files</Filter>
    </ClInclude>
    <ClInclude Include="src\sgpp\datadriven\operation\hash\simple\OperationDotProductModLinear.hpp">
      <Filter>Header Files</Filter>
    </ClInclude>
    <ClInclude Include="src\sgpp\datadriven\operation\hash\simple\OperationInverseRosenblattTransformation.hpp">
      <Filter>Header Files</Filter>
    </ClInclude>
    <ClInclude Include="src\sgpp\datadriven\operation\hash\simple\OperationInverseRosenblattTransformation1DBspline.hpp">
      <Filter>Header Files</Filter>
    </ClInclude>
    <ClInclude Include="src\sgpp\datadriven\operation\hash\simple\OperationInverseRosenblattTransformation1DBsplineBoundary.hpp">
      <Filter>Header Files</Filter>
    </ClInclude>
    <ClInclude Include="src\sgpp\datadriven\operation\hash\simple\OperationInverseRosenblattTransformation1DBsplineClenshawCurtis.hpp">
      <Filter>Header Files</Filter>
    </ClInclude>
    <ClInclude Include="src\sgpp\datadriven\operation\hash\simple\OperationInverseRosenblattTransformation1DLinear.hpp">
      <Filter>Header Files</Filter>
    </ClInclude>
    <ClInclude Include="src\sgpp\datadriven\operation\hash\simple\OperationInverseRosenblattTransformation1DModBspline.hpp">
      <Filter>Header Files</Filter>
    </ClInclude>
    <ClInclude Include="src\sgpp\datadriven\operation\hash\simple\OperationInverseRosenblattTransformation1DModBsplineClenshawCurtis.hpp">
      <Filter>Header Files</Filter>
    </ClInclude>
    <ClInclude Include="src\sgpp\datadriven\operation\hash\simple\OperationInverseRosenblattTransformation1DModPoly.hpp">
      <Filter>Header Files</Filter>
    </ClInclude>
    <ClInclude Include="src\sgpp\datadriven\operation\hash\simple\OperationInverseRosenblattTransformation1DModPolyClenshawCurtis.hpp">
      <Filter>Header Files</Filter>
    </ClInclude>
    <ClInclude Include="src\sgpp\datadriven\operation\hash\simple\OperationInverseRosenblattTransformation1DPoly.hpp">
      <Filter>Header Files</Filter>
    </ClInclude>
    <ClInclude Include="src\sgpp\datadriven\operation\hash\simple\OperationInverseRosenblattTransformation1DPolyBoundary.hpp">
      <Filter>Header Files</Filter>
    </ClInclude>
    <ClInclude Include="src\sgpp\datadriven\operation\hash\simple\OperationInverseRosenblattTransformation1DPolyClenshawCurtis.hpp">
      <Filter>Header Files</Filter>
    </ClInclude>
    <ClInclude Include="src\sgpp\datadriven\operation\hash\simple\OperationInverseRosenblattTransformation1DPolyClenshawCurtisBoundary.hpp">
      <Filter>Header Files</Filter>
    </ClInclude>
    <ClInclude Include="src\sgpp\datadriven\operation\hash\simple\OperationInverseRosenblattTransformationBspline.hpp">
      <Filter>Header Files</Filter>
    </ClInclude>
    <ClInclude Include="src\sgpp\datadriven\operation\hash\simple\OperationInverseRosenblattTransformationBsplineBoundary.hpp">
      <Filter>Header Files</Filter>
    </ClInclude>
    <ClInclude Include="src\sgpp\datadriven\operation\hash\simple\OperationInverseRosenblattTransformationBsplineClenshawCurtis.hpp">
      <Filter>Header Files</Filter>
    </ClInclude>
    <ClInclude Include="src\sgpp\datadriven\operation\hash\simple\OperationInverseRosenblattTransformationKDE.hpp">
      <Filter>Header Files</Filter>
    </ClInclude>
    <ClInclude Include="src\sgpp\datadriven\operation\hash\simple\OperationInverseRosenblattTransformationLinear.hpp">
      <Filter>Header Files</Filter>
    </ClInclude>
    <ClInclude Include="src\sgpp\datadriven\operation\hash\simple\OperationInverseRosenblattTransformationModBspline.hpp">
      <Filter>Header Files</Filter>
    </ClInclude>
    <ClInclude Include="src\sgpp\datadriven\operation\hash\simple\OperationInverseRosenblattTransformationModBsplineClenshawCurtis.hpp">
      <Filter>Header Files</Filter>
    </ClInclude>
    <ClInclude Include="src\sgpp\datadriven\operation\hash\simple\OperationInverseRosenblattTransformationModPoly.hpp">
      <Filter>Header Files</Filter>
    </ClInclude>
    <ClInclude Include="src\sgpp\datadriven\operation\hash\simple\OperationInverseRosenblattTransformationModPolyClenshawCurtis.hpp">
      <Filter>Header Files</Filter>
    </ClInclude>
    <ClInclude Include="src\sgpp\datadriven\operation\hash\simple\OperationInverseRosenblattTransformationPoly.hpp">
      <Filter>Header Files</Filter>
    </ClInclude>
    <ClInclude Include="src\sgpp\datadriven\operation\hash\simple\OperationInverseRosenblattTransformationPolyBoundary.hpp">
      <Filter>Header Files</Filter>
    </ClInclude>
    <ClInclude Include="src\sgpp\datadriven\operation\hash\simple\OperationInverseRosenblattTransformationPolyClenshawCurtis.hpp">
      <Filter>Header Files</Filter>
    </ClInclude>
    <ClInclude Include="src\sgpp\datadriven\operation\hash\simple\OperationInverseRosenblattTransformationPolyClenshawCurtisBoundary.hpp">
      <Filter>Header Files</Filter>
    </ClInclude>
    <ClInclude Include="src\sgpp\datadriven\operation\hash\simple\OperationLimitFunctionValueRange.hpp">
      <Filter>Header Files</Filter>
    </ClInclude>
    <ClInclude Include="src\sgpp\datadriven\operation\hash\simple\OperationMakePositive.hpp">
      <Filter>Header Files</Filter>
    </ClInclude>
    <ClInclude Include="src\sgpp\datadriven\operation\hash\simple\OperationMakePositiveCandidateSetAlgorithm.hpp">
      <Filter>Header Files</Filter>
    </ClInclude>
    <ClInclude Include="src\sgpp\datadriven\operation\hash\simple\OperationMakePositiveInterpolationAlgorithm.hpp">
      <Filter>Header Files</Filter>
    </ClInclude>
    <ClInclude Include="src\sgpp\datadriven\operation\hash\simple\OperationRegularizationDiagonal.hpp">
      <Filter>Header Files</Filter>
    </ClInclude>
    <ClInclude Include="src\sgpp\datadriven\operation\hash\simple\OperationRegularizationDiagonalLinearBoundary.hpp">
      <Filter>Header Files</Filter>
    </ClInclude>
    <ClInclude Include="src\sgpp\datadriven\operation\hash\simple\OperationRosenblattTransformation.hpp">
      <Filter>Header Files</Filter>
    </ClInclude>
    <ClInclude Include="src\sgpp\datadriven\operation\hash\simple\OperationRosenblattTransformation1DBspline.hpp">
      <Filter>Header Files</Filter>
    </ClInclude>
    <ClInclude Include="src\sgpp\datadriven\operation\hash\simple\OperationRosenblattTransformation1DBsplineBoundary.hpp">
      <Filter>Header Files</Filter>
    </ClInclude>
    <ClInclude Include="src\sgpp\datadriven\operation\hash\simple\OperationRosenblattTransformation1DBsplineClenshawCurtis.hpp">
      <Filter>Header Files</Filter>
    </ClInclude>
    <ClInclude Include="src\sgpp\datadriven\operation\hash\simple\OperationRosenblattTransformation1DLinear.hpp">
      <Filter>Header Files</Filter>
    </ClInclude>
    <ClInclude Include="src\sgpp\datadriven\operation\hash\simple\OperationRosenblattTransformation1DModBspline.hpp">
      <Filter>Header Files</Filter>
    </ClInclude>
    <ClInclude Include="src\sgpp\datadriven\operation\hash\simple\OperationRosenblattTransformation1DModBsplineClenshawCurtis.hpp">
      <Filter>Header Files</Filter>
    </ClInclude>
    <ClInclude Include="src\sgpp\datadriven\operation\hash\simple\OperationRosenblattTransformation1DModPoly.hpp">
      <Filter>Header Files</Filter>
    </ClInclude>
    <ClInclude Include="src\sgpp\datadriven\operation\hash\simple\OperationRosenblattTransformation1DModPolyClenshawCurtis.hpp">
      <Filter>Header Files</Filter>
    </ClInclude>
    <ClInclude Include="src\sgpp\datadriven\operation\hash\simple\OperationRosenblattTransformation1DPoly.hpp">
      <Filter>Header Files</Filter>
    </ClInclude>
    <ClInclude Include="src\sgpp\datadriven\operation\hash\simple\OperationRosenblattTransformation1DPolyBoundary.hpp">
      <Filter>Header Files</Filter>
    </ClInclude>
    <ClInclude Include="src\sgpp\datadriven\operation\hash\simple\OperationRosenblattTransformation1DPolyClenshawCurtis.hpp">
      <Filter>Header Files</Filter>
    </ClInclude>
    <ClInclude Include="src\sgpp\datadriven\operation\hash\simple\OperationRosenblattTransformation1DPolyClenshawCurtisBoundary.hpp">
      <Filter>Header Files</Filter>
    </ClInclude>
    <ClInclude Include="src\sgpp\datadriven\operation\hash\simple\OperationRosenblattTransformationBspline.hpp">
      <Filter>Header Files</Filter>
    </ClInclude>
    <ClInclude Include="src\sgpp\datadriven\operation\hash\simple\OperationRosenblattTransformationBsplineBoundary.hpp">
      <Filter>Header Files</Filter>
    </ClInclude>
    <ClInclude Include="src\sgpp\datadriven\operation\hash\simple\OperationRosenblattTransformationBsplineClenshawCurtis.hpp">
      <Filter>Header Files</Filter>
    </ClInclude>
    <ClInclude Include="src\sgpp\datadriven\operation\hash\simple\OperationRosenblattTransformationKDE.hpp">
      <Filter>Header Files</Filter>
    </ClInclude>
    <ClInclude Include="src\sgpp\datadriven\operation\hash\simple\OperationRosenblattTransformationLinear.hpp">
      <Filter>Header Files</Filter>
    </ClInclude>
    <ClInclude Include="src\sgpp\datadriven\operation\hash\simple\OperationRosenblattTransformationModBspline.hpp">
      <Filter>Header Files</Filter>
    </ClInclude>
    <ClInclude Include="src\sgpp\datadriven\operation\hash\simple\OperationRosenblattTransformationModBsplineClenshawCurtis.hpp">
      <Filter>Header Files</Filter>
    </ClInclude>
    <ClInclude Include="src\sgpp\datadriven\operation\hash\simple\OperationRosenblattTransformationModPoly.hpp">
      <Filter>Header Files</Filter>
    </ClInclude>
    <ClInclude Include="src\sgpp\datadriven\operation\hash\simple\OperationRosenblattTransformationModPolyClenshawCurtis.hpp">
      <Filter>Header Files</Filter>
    </ClInclude>
    <ClInclude Include="src\sgpp\datadriven\operation\hash\simple\OperationRosenblattTransformationPoly.hpp">
      <Filter>Header Files</Filter>
    </ClInclude>
    <ClInclude Include="src\sgpp\datadriven\operation\hash\simple\OperationRosenblattTransformationPolyBoundary.hpp">
      <Filter>Header Files</Filter>
    </ClInclude>
    <ClInclude Include="src\sgpp\datadriven\operation\hash\simple\OperationRosenblattTransformationPolyClenshawCurtis.hpp">
      <Filter>Header Files</Filter>
    </ClInclude>
    <ClInclude Include="src\sgpp\datadriven\operation\hash\simple\OperationRosenblattTransformationPolyClenshawCurtisBoundary.hpp">
      <Filter>Header Files</Filter>
    </ClInclude>
    <ClInclude Include="src\sgpp\datadriven\operation\hash\simple\OperationTest.hpp">
      <Filter>Header Files</Filter>
    </ClInclude>
    <ClInclude Include="src\sgpp\datadriven\operation\hash\simple\OperationTestLinear.hpp">
      <Filter>Header Files</Filter>
    </ClInclude>
    <ClInclude Include="src\sgpp\datadriven\operation\hash\simple\OperationTestLinearBoundary.hpp">
      <Filter>Header Files</Filter>
    </ClInclude>
    <ClInclude Include="src\sgpp\datadriven\operation\hash\simple\OperationTestLinearStretched.hpp">
      <Filter>Header Files</Filter>
    </ClInclude>
    <ClInclude Include="src\sgpp\datadriven\operation\hash\simple\OperationTestLinearStretchedBoundary.hpp">
      <Filter>Header Files</Filter>
    </ClInclude>
    <ClInclude Include="src\sgpp\datadriven\operation\hash\simple\OperationTestModBspline.hpp">
      <Filter>Header Files</Filter>
    </ClInclude>
    <ClInclude Include="src\sgpp\datadriven\operation\hash\simple\OperationTestModLinear.hpp">
      <Filter>Header Files</Filter>
    </ClInclude>
    <ClInclude Include="src\sgpp\datadriven\operation\hash\simple\OperationTestModPoly.hpp">
      <Filter>Header Files</Filter>
    </ClInclude>
    <ClInclude Include="src\sgpp\datadriven\operation\hash\simple\OperationTestModWavelet.hpp">
      <Filter>Header Files</Filter>
    </ClInclude>
    <ClInclude Include="src\sgpp\datadriven\operation\hash\simple\OperationTestPoly.hpp">
      <Filter>Header Files</Filter>
    </ClInclude>
    <ClInclude Include="src\sgpp\datadriven\operation\hash\simple\OperationTestPrewavelet.hpp">
      <Filter>Header Files</Filter>
    </ClInclude>
    <ClInclude Include="src\sgpp\datadriven\operation\hash\simple\OperationTransformation1D.hpp">
      <Filter>Header Files</Filter>
    </ClInclude>
    <ClInclude Include="src\sgpp\datadriven\operation\hash\DatadrivenOperationCommon.hpp">
      <Filter>Header Files</Filter>
    </ClInclude>
    <ClInclude Include="src\sgpp\datadriven\tools\mortonOrder\MortonOrder.hpp">
      <Filter>Header Files</Filter>
    </ClInclude>
    <ClInclude Include="src\sgpp\datadriven\tools\ARFFTools.hpp">
      <Filter>Header Files</Filter>
    </ClInclude>
    <ClInclude Include="src\sgpp\datadriven\tools\CSVTools.hpp">
      <Filter>Header Files</Filter>
    </ClInclude>
    <ClInclude Include="src\sgpp\datadriven\tools\CSVWriter.hpp">
      <Filter>Header Files</Filter>
    </ClInclude>
    <ClInclude Include="src\sgpp\datadriven\tools\Dataset.hpp">
      <Filter>Header Files</Filter>
    </ClInclude>
    <ClInclude Include="src\sgpp\datadriven\tools\DatasetGenerator.hpp">
      <Filter>Header Files</Filter>
    </ClInclude>
    <ClInclude Include="src\sgpp\datadriven\tools\DatasetTools.hpp">
      <Filter>Header Files</Filter>
    </ClInclude>
    <ClInclude Include="src\sgpp\datadriven\tools\DMConfigTools.hpp">
      <Filter>Header Files</Filter>
    </ClInclude>
    <ClInclude Include="src\sgpp\datadriven\tools\LearnerVectorizedPerformanceCalculator.hpp">
      <Filter>Header Files</Filter>
    </ClInclude>
    <ClInclude Include="src\sgpp\datadriven\tools\NearestNeighbors.hpp">
      <Filter>Header Files</Filter>
    </ClInclude>
    <ClInclude Include="src\sgpp\datadriven\tools\PartitioningTool.hpp">
      <Filter>Header Files</Filter>
    </ClInclude>
    <ClInclude Include="src\sgpp\datadriven\tools\SortedDataset.hpp">
      <Filter>Header Files</Filter>
    </ClInclude>
    <ClInclude Include="src\sgpp\datadriven\tools\TypesDatadriven.hpp">
      <Filter>Header Files</Filter>
    </ClInclude>
    <ClInclude Include="src\sgpp\datadriven\DatadrivenOpFactory.hpp">
      <Filter>Header Files</Filter>
    </ClInclude>
    <ClInclude Include="src\sgpp_datadriven.hpp">
      <Filter>Header Files</Filter>
    </ClInclude>
    <ClInclude Include="src\sgpp\datadriven\datamining\modules\hpo\HarmonicaHyperparameterOptimizer.hpp">
      <Filter>Header Files</Filter>
    </ClInclude>
    <ClInclude Include="src\sgpp\datadriven\datamining\modules\hpo\BoHyperparameterOptimizer.hpp">
      <Filter>Header Files</Filter>
    </ClInclude>
    <ClInclude Include="src\sgpp\datadriven\scalapack\blacs.hpp">
      <Filter>Header Files</Filter>
    </ClInclude>
    <ClInclude Include="src\sgpp\datadriven\scalapack\BlacsProcessGrid.hpp">
      <Filter>Header Files</Filter>
    </ClInclude>
    <ClInclude Include="src\sgpp\datadriven\scalapack\DataMatrixDistributed.hpp">
      <Filter>Header Files</Filter>
    </ClInclude>
    <ClInclude Include="src\sgpp\datadriven\scalapack\DataVectorDistributed.hpp">
      <Filter>Header Files</Filter>
    </ClInclude>
    <ClInclude Include="src\sgpp\datadriven\scalapack\scalapack.hpp">
      <Filter>Header Files</Filter>
    </ClInclude>
    <ClInclude Include="src\sgpp\datadriven\datamining\modules\dataSource\shuffling\DataShufflingFunctorRandom.hpp">
      <Filter>Header Files</Filter>
    </ClInclude>
    <ClInclude Include="src\sgpp\datadriven\operation\hash\OperationMultiEvalStreaming\OperationMultiEvalStreaming.hpp">
      <Filter>Header Files</Filter>
    </ClInclude>
    <ClInclude Include="src\sgpp\datadriven\operation\hash\OperationMultiEvalModMaskStreaming\OperationMultiEvalModMaskStreaming.hpp">
      <Filter>Header Files</Filter>
    </ClInclude>
  </ItemGroup>
  <ItemGroup>
    <ClCompile Include="src\sgpp\datadriven\algorithm\AlgorithmAdaBoostBase.cpp">
      <Filter>Source Files</Filter>
    </ClCompile>
    <ClCompile Include="src\sgpp\datadriven\algorithm\AlgorithmAdaBoostIdentity.cpp">
      <Filter>Source Files</Filter>
    </ClCompile>
    <ClCompile Include="src\sgpp\datadriven\algorithm\CombiScheme.cpp">
      <Filter>Source Files</Filter>
    </ClCompile>
    <ClCompile Include="src\sgpp\datadriven\algorithm\DBMatDatabase.cpp">
      <Filter>Source Files</Filter>
    </ClCompile>
    <ClCompile Include="src\sgpp\datadriven\algorithm\DBMatDecompMatrixSolver.cpp">
      <Filter>Source Files</Filter>
    </ClCompile>
    <ClCompile Include="src\sgpp\datadriven\algorithm\DBMatDMS_SMW.cpp">
      <Filter>Source Files</Filter>
    </ClCompile>
    <ClCompile Include="src\sgpp\datadriven\algorithm\DBMatDMSBackSub.cpp">
      <Filter>Source Files</Filter>
    </ClCompile>
    <ClCompile Include="src\sgpp\datadriven\algorithm\DBMatDMSChol.cpp">
      <Filter>Source Files</Filter>
    </ClCompile>
    <ClCompile Include="src\sgpp\datadriven\algorithm\DBMatDMSDenseIChol.cpp">
      <Filter>Source Files</Filter>
    </ClCompile>
    <ClCompile Include="src\sgpp\datadriven\algorithm\DBMatDMSEigen.cpp">
      <Filter>Source Files</Filter>
    </ClCompile>
    <ClCompile Include="src\sgpp\datadriven\algorithm\DBMatDMSOrthoAdapt.cpp">
      <Filter>Source Files</Filter>
    </ClCompile>
    <ClCompile Include="src\sgpp\datadriven\algorithm\DBMatObjectStore.cpp">
      <Filter>Source Files</Filter>
    </ClCompile>
    <ClCompile Include="src\sgpp\datadriven\algorithm\DBMatOffline.cpp">
      <Filter>Source Files</Filter>
    </ClCompile>
    <ClCompile Include="src\sgpp\datadriven\algorithm\DBMatOfflineChol.cpp">
      <Filter>Source Files</Filter>
    </ClCompile>
    <ClCompile Include="src\sgpp\datadriven\algorithm\DBMatOfflineDenseIChol.cpp">
      <Filter>Source Files</Filter>
    </ClCompile>
    <ClCompile Include="src\sgpp\datadriven\algorithm\DBMatOfflineEigen.cpp">
      <Filter>Source Files</Filter>
    </ClCompile>
    <ClCompile Include="src\sgpp\datadriven\algorithm\DBMatOfflineFactory.cpp">
      <Filter>Source Files</Filter>
    </ClCompile>
    <ClCompile Include="src\sgpp\datadriven\algorithm\DBMatOfflineGE.cpp">
      <Filter>Source Files</Filter>
    </ClCompile>
    <ClCompile Include="src\sgpp\datadriven\algorithm\DBMatOfflineLU.cpp">
      <Filter>Source Files</Filter>
    </ClCompile>
    <ClCompile Include="src\sgpp\datadriven\algorithm\DBMatOfflineOrthoAdapt.cpp">
      <Filter>Source Files</Filter>
    </ClCompile>
    <ClCompile Include="src\sgpp\datadriven\algorithm\DBMatOfflinePermutable.cpp">
      <Filter>Source Files</Filter>
    </ClCompile>
    <ClCompile Include="src\sgpp\datadriven\algorithm\DBMatOnline.cpp">
      <Filter>Source Files</Filter>
    </ClCompile>
    <ClCompile Include="src\sgpp\datadriven\algorithm\DBMatOnlineDE.cpp">
      <Filter>Source Files</Filter>
    </ClCompile>
    <ClCompile Include="src\sgpp\datadriven\algorithm\DBMatOnlineDE_SMW.cpp">
      <Filter>Source Files</Filter>
    </ClCompile>
    <ClCompile Include="src\sgpp\datadriven\algorithm\DBMatOnlineDEChol.cpp">
      <Filter>Source Files</Filter>
    </ClCompile>
    <ClCompile Include="src\sgpp\datadriven\algorithm\DBMatOnlineDEEigen.cpp">
      <Filter>Source Files</Filter>
    </ClCompile>
    <ClCompile Include="src\sgpp\datadriven\algorithm\DBMatOnlineDEFactory.cpp">
      <Filter>Source Files</Filter>
    </ClCompile>
    <ClCompile Include="src\sgpp\datadriven\algorithm\DBMatOnlineDELU.cpp">
      <Filter>Source Files</Filter>
    </ClCompile>
    <ClCompile Include="src\sgpp\datadriven\algorithm\DBMatOnlineDEOrthoAdapt.cpp">
      <Filter>Source Files</Filter>
    </ClCompile>
    <ClCompile Include="src\sgpp\datadriven\algorithm\DBMatPermutationFactory.cpp">
      <Filter>Source Files</Filter>
    </ClCompile>
    <ClCompile Include="src\sgpp\datadriven\algorithm\DensityDifferenceSystemMatrix.cpp">
      <Filter>Source Files</Filter>
    </ClCompile>
    <ClCompile Include="src\sgpp\datadriven\algorithm\DensitySystemMatrix.cpp">
      <Filter>Source Files</Filter>
    </ClCompile>
    <ClCompile Include="src\sgpp\datadriven\algorithm\DMSystemMatrix.cpp">
      <Filter>Source Files</Filter>
    </ClCompile>
    <ClCompile Include="src\sgpp\datadriven\algorithm\DMSystemMatrixBase.cpp">
      <Filter>Source Files</Filter>
    </ClCompile>
    <ClCompile Include="src\sgpp\datadriven\algorithm\DMSystemMatrixBaseSP.cpp">
      <Filter>Source Files</Filter>
    </ClCompile>
    <ClCompile Include="src\sgpp\datadriven\algorithm\DMSystemMatrixDRE.cpp">
      <Filter>Source Files</Filter>
    </ClCompile>
    <ClCompile Include="src\sgpp\datadriven\algorithm\DMWeightMatrix.cpp">
      <Filter>Source Files</Filter>
    </ClCompile>
    <ClCompile Include="src\sgpp\datadriven\algorithm\GridFactory.cpp">
      <Filter>Source Files</Filter>
    </ClCompile>
    <ClCompile Include="src\sgpp\datadriven\algorithm\PiecewiseConstantSmoothedRegressionSystemMatrix.cpp">
      <Filter>Source Files</Filter>
    </ClCompile>
    <ClCompile Include="src\sgpp\datadriven\algorithm\RefinementMonitorConvergence.cpp">
      <Filter>Source Files</Filter>
    </ClCompile>
    <ClCompile Include="src\sgpp\datadriven\algorithm\RefinementMonitorFactory.cpp">
      <Filter>Source Files</Filter>
    </ClCompile>
    <ClCompile Include="src\sgpp\datadriven\algorithm\RefinementMonitorPeriodic.cpp">
      <Filter>Source Files</Filter>
    </ClCompile>
    <ClCompile Include="src\sgpp\datadriven\algorithm\SystemMatrixDensityRatioEstimation.cpp">
      <Filter>Source Files</Filter>
    </ClCompile>
    <ClCompile Include="src\sgpp\datadriven\algorithm\SystemMatrixLeastSquaresIdentity.cpp">
      <Filter>Source Files</Filter>
    </ClCompile>
    <ClCompile Include="src\sgpp\datadriven\application\ClassificationLearner.cpp">
      <Filter>Source Files</Filter>
    </ClCompile>
    <ClCompile Include="src\sgpp\datadriven\application\DensityEstimator.cpp">
      <Filter>Source Files</Filter>
    </ClCompile>
    <ClCompile Include="src\sgpp\datadriven\application\KernelDensityEstimator.cpp">
      <Filter>Source Files</Filter>
    </ClCompile>
    <ClCompile Include="src\sgpp\datadriven\application\Learner.cpp">
      <Filter>Source Files</Filter>
    </ClCompile>
    <ClCompile Include="src\sgpp\datadriven\application\LearnerBase.cpp">
      <Filter>Source Files</Filter>
    </ClCompile>
    <ClCompile Include="src\sgpp\datadriven\application\LearnerBaseSP.cpp">
      <Filter>Source Files</Filter>
    </ClCompile>
    <ClCompile Include="src\sgpp\datadriven\application\LearnerLeastSquaresIdentity.cpp">
      <Filter>Source Files</Filter>
    </ClCompile>
    <ClCompile Include="src\sgpp\datadriven\application\LearnerScenario.cpp">
      <Filter>Source Files</Filter>
    </ClCompile>
    <ClCompile Include="src\sgpp\datadriven\application\LearnerSGD.cpp">
      <Filter>Source Files</Filter>
    </ClCompile>
    <ClCompile Include="src\sgpp\datadriven\application\LearnerSGDE.cpp">
      <Filter>Source Files</Filter>
    </ClCompile>
    <ClCompile Include="src\sgpp\datadriven\application\LearnerSVM.cpp">
      <Filter>Source Files</Filter>
    </ClCompile>
    <ClCompile Include="src\sgpp\datadriven\application\MetaLearner.cpp">
      <Filter>Source Files</Filter>
    </ClCompile>
    <ClCompile Include="src\sgpp\datadriven\application\PrimalDualSVM.cpp">
      <Filter>Source Files</Filter>
    </ClCompile>
    <ClCompile Include="src\sgpp\datadriven\application\RegressionLearner.cpp">
      <Filter>Source Files</Filter>
    </ClCompile>
    <ClCompile Include="src\sgpp\datadriven\application\SparseGridDensityEstimator.cpp">
      <Filter>Source Files</Filter>
    </ClCompile>
    <ClCompile Include="src\sgpp\datadriven\application\StaticParameterTuner.cpp">
      <Filter>Source Files</Filter>
    </ClCompile>
    <ClCompile Include="src\sgpp\datadriven\configuration\DensityEstimationTypeParser.cpp">
      <Filter>Source Files</Filter>
    </ClCompile>
    <ClCompile Include="src\sgpp\datadriven\configuration\GeometryConfigurationParser.cpp">
      <Filter>Source Files</Filter>
    </ClCompile>
    <ClCompile Include="src\sgpp\datadriven\configuration\MatrixDecompositionTypeParser.cpp">
      <Filter>Source Files</Filter>
    </ClCompile>
    <ClCompile Include="src\sgpp\datadriven\configuration\RegularizationTypeParser.cpp">
      <Filter>Source Files</Filter>
    </ClCompile>
    <ClCompile Include="src\sgpp\datadriven\datamining\base\SparseGridMiner.cpp">
      <Filter>Source Files</Filter>
    </ClCompile>
    <ClCompile Include="src\sgpp\datadriven\datamining\base\SparseGridMinerCrossValidation.cpp">
      <Filter>Source Files</Filter>
    </ClCompile>
    <ClCompile Include="src\sgpp\datadriven\datamining\base\SparseGridMinerSplitting.cpp">
      <Filter>Source Files</Filter>
    </ClCompile>
    <ClCompile Include="src\sgpp\datadriven\datamining\base\SparseGridMinerSplittingTwoDatasets.cpp">
      <Filter>Source Files</Filter>
    </ClCompile>
    <ClCompile Include="src\sgpp\datadriven\datamining\builder\ClassificationMinerFactory.cpp">
      <Filter>Source Files</Filter>
    </ClCompile>
    <ClCompile Include="src\sgpp\datadriven\datamining\builder\DataSourceBuilder.cpp">
      <Filter>Source Files</Filter>
    </ClCompile>
    <ClCompile Include="src\sgpp\datadriven\datamining\builder\DensityDifferenceEstimationMinerFactory.cpp">
      <Filter>Source Files</Filter>
    </ClCompile>
    <ClCompile Include="src\sgpp\datadriven\datamining\builder\DensityEstimationMinerFactory.cpp">
      <Filter>Source Files</Filter>
    </ClCompile>
    <ClCompile Include="src\sgpp\datadriven\datamining\builder\DensityRatioEstimationMinerFactory.cpp">
      <Filter>Source Files</Filter>
    </ClCompile>
    <ClCompile Include="src\sgpp\datadriven\datamining\builder\LeastSquaresRegressionMinerFactory.cpp">
      <Filter>Source Files</Filter>
    </ClCompile>
    <ClCompile Include="src\sgpp\datadriven\datamining\builder\MinerFactory.cpp">
      <Filter>Source Files</Filter>
    </ClCompile>
    <ClCompile Include="src\sgpp\datadriven\datamining\builder\ScorerFactory.cpp">
      <Filter>Source Files</Filter>
    </ClCompile>
    <ClCompile Include="src\sgpp\datadriven\datamining\builder\UniversalMinerFactory.cpp">
      <Filter>Source Files</Filter>
    </ClCompile>
    <ClCompile Include="src\sgpp\datadriven\datamining\configuration\DataMiningConfigParser.cpp">
      <Filter>Source Files</Filter>
    </ClCompile>
    <ClCompile Include="src\sgpp\datadriven\datamining\modules\dataSource\shuffling\DataShufflingFunctor.cpp">
      <Filter>Source Files</Filter>
    </ClCompile>
    <ClCompile Include="src\sgpp\datadriven\datamining\modules\dataSource\shuffling\DataShufflingFunctorCrossValidation.cpp">
      <Filter>Source Files</Filter>
    </ClCompile>
    <ClCompile Include="src\sgpp\datadriven\datamining\modules\dataSource\shuffling\DataShufflingFunctorFactory.cpp">
      <Filter>Source Files</Filter>
    </ClCompile>
    <ClCompile Include="src\sgpp\datadriven\datamining\modules\dataSource\shuffling\DataShufflingFunctorSequential.cpp">
      <Filter>Source Files</Filter>
    </ClCompile>
    <ClCompile Include="src\sgpp\datadriven\datamining\modules\dataSource\shuffling\DataSourceShufflingTypeParser.cpp">
      <Filter>Source Files</Filter>
    </ClCompile>
    <ClCompile Include="src\sgpp\datadriven\datamining\modules\dataSource\ArffFileSampleProvider.cpp">
      <Filter>Source Files</Filter>
    </ClCompile>
    <ClCompile Include="src\sgpp\datadriven\datamining\modules\dataSource\CSVFileSampleProvider.cpp">
      <Filter>Source Files</Filter>
    </ClCompile>
    <ClCompile Include="src\sgpp\datadriven\datamining\modules\dataSource\DataSource.cpp">
      <Filter>Source Files</Filter>
    </ClCompile>
    <ClCompile Include="src\sgpp\datadriven\datamining\modules\dataSource\DataSourceCrossValidation.cpp">
      <Filter>Source Files</Filter>
    </ClCompile>
    <ClCompile Include="src\sgpp\datadriven\datamining\modules\dataSource\DataSourceFileTypeParser.cpp">
      <Filter>Source Files</Filter>
    </ClCompile>
    <ClCompile Include="src\sgpp\datadriven\datamining\modules\dataSource\DataSourceIterator.cpp">
      <Filter>Source Files</Filter>
    </ClCompile>
    <ClCompile Include="src\sgpp\datadriven\datamining\modules\dataSource\DataSourceSplitting.cpp">
      <Filter>Source Files</Filter>
    </ClCompile>
    <ClCompile Include="src\sgpp\datadriven\datamining\modules\dataSource\DataTransformationBuilder.cpp">
      <Filter>Source Files</Filter>
    </ClCompile>
    <ClCompile Include="src\sgpp\datadriven\datamining\modules\dataSource\DataTransformationTypeParser.cpp">
      <Filter>Source Files</Filter>
    </ClCompile>
    <ClCompile Include="src\sgpp\datadriven\datamining\modules\dataSource\FileSampleDecorator.cpp">
      <Filter>Source Files</Filter>
    </ClCompile>
    <ClCompile Include="src\sgpp\datadriven\datamining\modules\dataSource\GzipFileSampleDecorator.cpp">
      <Filter>Source Files</Filter>
    </ClCompile>
    <ClCompile Include="src\sgpp\datadriven\datamining\modules\dataSource\RosenblattTransformation.cpp">
      <Filter>Source Files</Filter>
    </ClCompile>
    <ClCompile Include="src\sgpp\datadriven\datamining\modules\fitting\FitterConfiguration.cpp">
      <Filter>Source Files</Filter>
    </ClCompile>
    <ClCompile Include="src\sgpp\datadriven\datamining\modules\fitting\FitterConfigurationClassification.cpp">
      <Filter>Source Files</Filter>
    </ClCompile>
    <ClCompile Include="src\sgpp\datadriven\datamining\modules\fitting\FitterConfigurationDensityEstimation.cpp">
      <Filter>Source Files</Filter>
    </ClCompile>
    <ClCompile Include="src\sgpp\datadriven\datamining\modules\fitting\FitterConfigurationLeastSquares.cpp">
      <Filter>Source Files</Filter>
    </ClCompile>
    <ClCompile Include="src\sgpp\datadriven\datamining\modules\fitting\FitterTypeParser.cpp">
      <Filter>Source Files</Filter>
    </ClCompile>
    <ClCompile Include="src\sgpp\datadriven\datamining\modules\fitting\ModelFittingBase.cpp">
      <Filter>Source Files</Filter>
    </ClCompile>
    <ClCompile Include="src\sgpp\datadriven\datamining\modules\fitting\ModelFittingBaseSingleGrid.cpp">
      <Filter>Source Files</Filter>
    </ClCompile>
    <ClCompile Include="src\sgpp\datadriven\datamining\modules\fitting\ModelFittingClassification.cpp">
      <Filter>Source Files</Filter>
    </ClCompile>
    <ClCompile Include="src\sgpp\datadriven\datamining\modules\fitting\ModelFittingDensityDifferenceEstimationCG.cpp">
      <Filter>Source Files</Filter>
    </ClCompile>
    <ClCompile Include="src\sgpp\datadriven\datamining\modules\fitting\ModelFittingDensityDifferenceEstimationOnOff.cpp">
      <Filter>Source Files</Filter>
    </ClCompile>
    <ClCompile Include="src\sgpp\datadriven\datamining\modules\fitting\ModelFittingDensityEstimation.cpp">
      <Filter>Source Files</Filter>
    </ClCompile>
    <ClCompile Include="src\sgpp\datadriven\datamining\modules\fitting\ModelFittingDensityEstimationCG.cpp">
      <Filter>Source Files</Filter>
    </ClCompile>
    <ClCompile Include="src\sgpp\datadriven\datamining\modules\fitting\ModelFittingDensityEstimationCombi.cpp">
      <Filter>Source Files</Filter>
    </ClCompile>
    <ClCompile Include="src\sgpp\datadriven\datamining\modules\fitting\ModelFittingDensityEstimationOnOff.cpp">
      <Filter>Source Files</Filter>
    </ClCompile>
    <ClCompile Include="src\sgpp\datadriven\datamining\modules\fitting\ModelFittingDensityEstimationOnOffParallel.cpp">
      <Filter>Source Files</Filter>
    </ClCompile>
    <ClCompile Include="src\sgpp\datadriven\datamining\modules\fitting\ModelFittingDensityRatioEstimation.cpp">
      <Filter>Source Files</Filter>
    </ClCompile>
    <ClCompile Include="src\sgpp\datadriven\datamining\modules\fitting\ModelFittingLeastSquares.cpp">
      <Filter>Source Files</Filter>
    </ClCompile>
    <ClCompile Include="src\sgpp\datadriven\datamining\modules\hpo\bo\BayesianOptimization.cpp">
      <Filter>Source Files</Filter>
    </ClCompile>
    <ClCompile Include="src\sgpp\datadriven\datamining\modules\hpo\bo\BOConfig.cpp">
      <Filter>Source Files</Filter>
    </ClCompile>
    <ClCompile Include="src\sgpp\datadriven\datamining\modules\hpo\harmonica\ConfigurationBit.cpp">
      <Filter>Source Files</Filter>
    </ClCompile>
    <ClCompile Include="src\sgpp\datadriven\datamining\modules\hpo\harmonica\ConfigurationRestriction.cpp">
      <Filter>Source Files</Filter>
    </ClCompile>
    <ClCompile Include="src\sgpp\datadriven\datamining\modules\hpo\harmonica\Harmonica.cpp">
      <Filter>Source Files</Filter>
    </ClCompile>
    <ClCompile Include="src\sgpp\datadriven\datamining\modules\hpo\harmonica\OperationMultipleEvalMatrix.cpp">
      <Filter>Source Files</Filter>
    </ClCompile>
    <ClCompile Include="src\sgpp\datadriven\datamining\modules\hpo\parameters\ContinuousParameter.cpp">
      <Filter>Source Files</Filter>
    </ClCompile>
    <ClCompile Include="src\sgpp\datadriven\datamining\modules\hpo\parameters\DiscreteParameter.cpp">
      <Filter>Source Files</Filter>
    </ClCompile>
    <ClCompile Include="src\sgpp\datadriven\datamining\modules\hpo\parameters\HyperParameter.cpp">
      <Filter>Source Files</Filter>
    </ClCompile>
    <ClCompile Include="src\sgpp\datadriven\datamining\modules\hpo\ClassificationFitterFactory.cpp">
      <Filter>Source Files</Filter>
    </ClCompile>
    <ClCompile Include="src\sgpp\datadriven\datamining\modules\hpo\DensityEstimationFitterFactory.cpp">
      <Filter>Source Files</Filter>
    </ClCompile>
    <ClCompile Include="src\sgpp\datadriven\datamining\modules\hpo\FitterFactory.cpp">
      <Filter>Source Files</Filter>
    </ClCompile>
    <ClCompile Include="src\sgpp\datadriven\datamining\modules\hpo\HPOConfig.cpp">
      <Filter>Source Files</Filter>
    </ClCompile>
    <ClCompile Include="src\sgpp\datadriven\datamining\modules\hpo\HyperparameterOptimizer.cpp">
      <Filter>Source Files</Filter>
    </ClCompile>
    <ClCompile Include="src\sgpp\datadriven\datamining\modules\hpo\LeastSquaresRegressionFitterFactory.cpp">
      <Filter>Source Files</Filter>
    </ClCompile>
    <ClCompile Include="src\sgpp\datadriven\datamining\modules\scoring\Accuracy.cpp">
      <Filter>Source Files</Filter>
    </ClCompile>
    <ClCompile Include="src\sgpp\datadriven\datamining\modules\scoring\MSE.cpp">
      <Filter>Source Files</Filter>
    </ClCompile>
    <ClCompile Include="src\sgpp\datadriven\datamining\modules\scoring\NegativeLogLikelihood.cpp">
      <Filter>Source Files</Filter>
    </ClCompile>
    <ClCompile Include="src\sgpp\datadriven\datamining\modules\scoring\ResidualScore.cpp">
      <Filter>Source Files</Filter>
    </ClCompile>
    <ClCompile Include="src\sgpp\datadriven\datamining\modules\scoring\Scorer.cpp">
      <Filter>Source Files</Filter>
    </ClCompile>
    <ClCompile Include="src\sgpp\datadriven\datamining\modules\scoring\ScorerMetricTypeParser.cpp">
      <Filter>Source Files</Filter>
    </ClCompile>
    <ClCompile Include="src\sgpp\datadriven\datamining\modules\visualization\VisualizationTypesParser.cpp">
      <Filter>Source Files</Filter>
    </ClCompile>
    <ClCompile Include="src\sgpp\datadriven\datamining\modules\visualization\Visualizer.cpp">
      <Filter>Source Files</Filter>
    </ClCompile>
    <ClCompile Include="src\sgpp\datadriven\datamining\modules\visualization\VisualizerClassification.cpp">
      <Filter>Source Files</Filter>
    </ClCompile>
    <ClCompile Include="src\sgpp\datadriven\datamining\modules\visualization\VisualizerConfiguration.cpp">
      <Filter>Source Files</Filter>
    </ClCompile>
    <ClCompile Include="src\sgpp\datadriven\datamining\modules\visualization\VisualizerDensityEstimation.cpp">
      <Filter>Source Files</Filter>
    </ClCompile>
    <ClCompile Include="src\sgpp\datadriven\datamining\modules\visualization\VizualizerDummy.cpp">
      <Filter>Source Files</Filter>
    </ClCompile>
    <ClCompile Include="src\sgpp\datadriven\functors\classification\ClassificationRefinementFunctor.cpp">
      <Filter>Source Files</Filter>
    </ClCompile>
    <ClCompile Include="src\sgpp\datadriven\functors\classification\DataBasedRefinementFunctor.cpp">
      <Filter>Source Files</Filter>
    </ClCompile>
    <ClCompile Include="src\sgpp\datadriven\functors\classification\GridPointBasedRefinementFunctor.cpp">
      <Filter>Source Files</Filter>
    </ClCompile>
    <ClCompile Include="src\sgpp\datadriven\functors\classification\MultipleClassRefinementFunctor.cpp">
      <Filter>Source Files</Filter>
    </ClCompile>
    <ClCompile Include="src\sgpp\datadriven\functors\classification\ZeroCrossingRefinementFunctor.cpp">
      <Filter>Source Files</Filter>
    </ClCompile>
    <ClCompile Include="src\sgpp\datadriven\functors\MultiSurplusRefinementFunctor.cpp">
      <Filter>Source Files</Filter>
    </ClCompile>
    <ClCompile Include="src\sgpp\datadriven\operation\hash\OperationPiecewiseConstantRegression\Node.cpp">
      <Filter>Source Files</Filter>
    </ClCompile>
    <ClCompile Include="src\sgpp\datadriven\operation\hash\simple\OperationCovariance.cpp">
      <Filter>Source Files</Filter>
    </ClCompile>
    <ClCompile Include="src\sgpp\datadriven\operation\hash\simple\OperationDensityConditional.cpp">
      <Filter>Source Files</Filter>
    </ClCompile>
    <ClCompile Include="src\sgpp\datadriven\operation\hash\simple\OperationDensityConditionalKDE.cpp">
      <Filter>Source Files</Filter>
    </ClCompile>
    <ClCompile Include="src\sgpp\datadriven\operation\hash\simple\OperationDensityConditionalLinear.cpp">
      <Filter>Source Files</Filter>
    </ClCompile>
    <ClCompile Include="src\sgpp\datadriven\operation\hash\simple\OperationDensityMarginalize.cpp">
      <Filter>Source Files</Filter>
    </ClCompile>
    <ClCompile Include="src\sgpp\datadriven\operation\hash\simple\OperationDensityMarginalizeKDE.cpp">
      <Filter>Source Files</Filter>
    </ClCompile>
    <ClCompile Include="src\sgpp\datadriven\operation\hash\simple\OperationDensityMarginalizeLinear.cpp">
      <Filter>Source Files</Filter>
    </ClCompile>
    <ClCompile Include="src\sgpp\datadriven\operation\hash\simple\OperationDensityMargTo1D.cpp">
      <Filter>Source Files</Filter>
    </ClCompile>
    <ClCompile Include="src\sgpp\datadriven\operation\hash\simple\OperationDensityRejectionSamplingLinear.cpp">
      <Filter>Source Files</Filter>
    </ClCompile>
    <ClCompile Include="src\sgpp\datadriven\operation\hash\simple\OperationDensitySampling1DLinear.cpp">
      <Filter>Source Files</Filter>
    </ClCompile>
    <ClCompile Include="src\sgpp\datadriven\operation\hash\simple\OperationDensitySamplingLinear.cpp">
      <Filter>Source Files</Filter>
    </ClCompile>
    <ClCompile Include="src\sgpp\datadriven\operation\hash\simple\OperationDotProductLinear.cpp">
      <Filter>Source Files</Filter>
    </ClCompile>
    <ClCompile Include="src\sgpp\datadriven\operation\hash\simple\OperationDotProductModLinear.cpp">
      <Filter>Source Files</Filter>
    </ClCompile>
    <ClCompile Include="src\sgpp\datadriven\operation\hash\simple\OperationInverseRosenblattTransformation1DBspline.cpp">
      <Filter>Source Files</Filter>
    </ClCompile>
    <ClCompile Include="src\sgpp\datadriven\operation\hash\simple\OperationInverseRosenblattTransformation1DBsplineBoundary.cpp">
      <Filter>Source Files</Filter>
    </ClCompile>
    <ClCompile Include="src\sgpp\datadriven\operation\hash\simple\OperationInverseRosenblattTransformation1DBsplineClenshawCurtis.cpp">
      <Filter>Source Files</Filter>
    </ClCompile>
    <ClCompile Include="src\sgpp\datadriven\operation\hash\simple\OperationInverseRosenblattTransformation1DLinear.cpp">
      <Filter>Source Files</Filter>
    </ClCompile>
    <ClCompile Include="src\sgpp\datadriven\operation\hash\simple\OperationInverseRosenblattTransformation1DModBspline.cpp">
      <Filter>Source Files</Filter>
    </ClCompile>
    <ClCompile Include="src\sgpp\datadriven\operation\hash\simple\OperationInverseRosenblattTransformation1DModBsplineClenshawCurtis.cpp">
      <Filter>Source Files</Filter>
    </ClCompile>
    <ClCompile Include="src\sgpp\datadriven\operation\hash\simple\OperationInverseRosenblattTransformation1DModPoly.cpp">
      <Filter>Source Files</Filter>
    </ClCompile>
    <ClCompile Include="src\sgpp\datadriven\operation\hash\simple\OperationInverseRosenblattTransformation1DModPolyClenshawCurtis.cpp">
      <Filter>Source Files</Filter>
    </ClCompile>
    <ClCompile Include="src\sgpp\datadriven\operation\hash\simple\OperationInverseRosenblattTransformation1DPoly.cpp">
      <Filter>Source Files</Filter>
    </ClCompile>
    <ClCompile Include="src\sgpp\datadriven\operation\hash\simple\OperationInverseRosenblattTransformation1DPolyBoundary.cpp">
      <Filter>Source Files</Filter>
    </ClCompile>
    <ClCompile Include="src\sgpp\datadriven\operation\hash\simple\OperationInverseRosenblattTransformation1DPolyClenshawCurtis.cpp">
      <Filter>Source Files</Filter>
    </ClCompile>
    <ClCompile Include="src\sgpp\datadriven\operation\hash\simple\OperationInverseRosenblattTransformation1DPolyClenshawCurtisBoundary.cpp">
      <Filter>Source Files</Filter>
    </ClCompile>
    <ClCompile Include="src\sgpp\datadriven\operation\hash\simple\OperationInverseRosenblattTransformationBspline.cpp">
      <Filter>Source Files</Filter>
    </ClCompile>
    <ClCompile Include="src\sgpp\datadriven\operation\hash\simple\OperationInverseRosenblattTransformationBsplineBoundary.cpp">
      <Filter>Source Files</Filter>
    </ClCompile>
    <ClCompile Include="src\sgpp\datadriven\operation\hash\simple\OperationInverseRosenblattTransformationBsplineClenshawCurtis.cpp">
      <Filter>Source Files</Filter>
    </ClCompile>
    <ClCompile Include="src\sgpp\datadriven\operation\hash\simple\OperationInverseRosenblattTransformationKDE.cpp">
      <Filter>Source Files</Filter>
    </ClCompile>
    <ClCompile Include="src\sgpp\datadriven\operation\hash\simple\OperationInverseRosenblattTransformationLinear.cpp">
      <Filter>Source Files</Filter>
    </ClCompile>
    <ClCompile Include="src\sgpp\datadriven\operation\hash\simple\OperationInverseRosenblattTransformationModBspline.cpp">
      <Filter>Source Files</Filter>
    </ClCompile>
    <ClCompile Include="src\sgpp\datadriven\operation\hash\simple\OperationInverseRosenblattTransformationModBsplineClenshawCurtis.cpp">
      <Filter>Source Files</Filter>
    </ClCompile>
    <ClCompile Include="src\sgpp\datadriven\operation\hash\simple\OperationInverseRosenblattTransformationModPoly.cpp">
      <Filter>Source Files</Filter>
    </ClCompile>
    <ClCompile Include="src\sgpp\datadriven\operation\hash\simple\OperationInverseRosenblattTransformationModPolyClenshawCurtis.cpp">
      <Filter>Source Files</Filter>
    </ClCompile>
    <ClCompile Include="src\sgpp\datadriven\operation\hash\simple\OperationInverseRosenblattTransformationPoly.cpp">
      <Filter>Source Files</Filter>
    </ClCompile>
    <ClCompile Include="src\sgpp\datadriven\operation\hash\simple\OperationInverseRosenblattTransformationPolyBoundary.cpp">
      <Filter>Source Files</Filter>
    </ClCompile>
    <ClCompile Include="src\sgpp\datadriven\operation\hash\simple\OperationInverseRosenblattTransformationPolyClenshawCurtis.cpp">
      <Filter>Source Files</Filter>
    </ClCompile>
    <ClCompile Include="src\sgpp\datadriven\operation\hash\simple\OperationInverseRosenblattTransformationPolyClenshawCurtisBoundary.cpp">
      <Filter>Source Files</Filter>
    </ClCompile>
    <ClCompile Include="src\sgpp\datadriven\operation\hash\simple\OperationLimitFunctionValueRange.cpp">
      <Filter>Source Files</Filter>
    </ClCompile>
    <ClCompile Include="src\sgpp\datadriven\operation\hash\simple\OperationMakePositive.cpp">
      <Filter>Source Files</Filter>
    </ClCompile>
    <ClCompile Include="src\sgpp\datadriven\operation\hash\simple\OperationMakePositiveCandidateSetAlgorithm.cpp">
      <Filter>Source Files</Filter>
    </ClCompile>
    <ClCompile Include="src\sgpp\datadriven\operation\hash\simple\OperationMakePositiveInterpolationAlgorithm.cpp">
      <Filter>Source Files</Filter>
    </ClCompile>
    <ClCompile Include="src\sgpp\datadriven\operation\hash\simple\OperationRegularizationDiagonal.cpp">
      <Filter>Source Files</Filter>
    </ClCompile>
    <ClCompile Include="src\sgpp\datadriven\operation\hash\simple\OperationRegularizationDiagonalLinearBoundary.cpp">
      <Filter>Source Files</Filter>
    </ClCompile>
    <ClCompile Include="src\sgpp\datadriven\operation\hash\simple\OperationRosenblattTransformation1DBspline.cpp">
      <Filter>Source Files</Filter>
    </ClCompile>
    <ClCompile Include="src\sgpp\datadriven\operation\hash\simple\OperationRosenblattTransformation1DBsplineBoundary.cpp">
      <Filter>Source Files</Filter>
    </ClCompile>
    <ClCompile Include="src\sgpp\datadriven\operation\hash\simple\OperationRosenblattTransformation1DBsplineClenshawCurtis.cpp">
      <Filter>Source Files</Filter>
    </ClCompile>
    <ClCompile Include="src\sgpp\datadriven\operation\hash\simple\OperationRosenblattTransformation1DLinear.cpp">
      <Filter>Source Files</Filter>
    </ClCompile>
    <ClCompile Include="src\sgpp\datadriven\operation\hash\simple\OperationRosenblattTransformation1DModBspline.cpp">
      <Filter>Source Files</Filter>
    </ClCompile>
    <ClCompile Include="src\sgpp\datadriven\operation\hash\simple\OperationRosenblattTransformation1DModBsplineClenshawCurtis.cpp">
      <Filter>Source Files</Filter>
    </ClCompile>
    <ClCompile Include="src\sgpp\datadriven\operation\hash\simple\OperationRosenblattTransformation1DModPoly.cpp">
      <Filter>Source Files</Filter>
    </ClCompile>
    <ClCompile Include="src\sgpp\datadriven\operation\hash\simple\OperationRosenblattTransformation1DModPolyClenshawCurtis.cpp">
      <Filter>Source Files</Filter>
    </ClCompile>
    <ClCompile Include="src\sgpp\datadriven\operation\hash\simple\OperationRosenblattTransformation1DPoly.cpp">
      <Filter>Source Files</Filter>
    </ClCompile>
    <ClCompile Include="src\sgpp\datadriven\operation\hash\simple\OperationRosenblattTransformation1DPolyBoundary.cpp">
      <Filter>Source Files</Filter>
    </ClCompile>
    <ClCompile Include="src\sgpp\datadriven\operation\hash\simple\OperationRosenblattTransformation1DPolyClenshawCurtis.cpp">
      <Filter>Source Files</Filter>
    </ClCompile>
    <ClCompile Include="src\sgpp\datadriven\operation\hash\simple\OperationRosenblattTransformation1DPolyClenshawCurtisBoundary.cpp">
      <Filter>Source Files</Filter>
    </ClCompile>
    <ClCompile Include="src\sgpp\datadriven\operation\hash\simple\OperationRosenblattTransformationBspline.cpp">
      <Filter>Source Files</Filter>
    </ClCompile>
    <ClCompile Include="src\sgpp\datadriven\operation\hash\simple\OperationRosenblattTransformationBsplineBoundary.cpp">
      <Filter>Source Files</Filter>
    </ClCompile>
    <ClCompile Include="src\sgpp\datadriven\operation\hash\simple\OperationRosenblattTransformationBsplineClenshawCurtis.cpp">
      <Filter>Source Files</Filter>
    </ClCompile>
    <ClCompile Include="src\sgpp\datadriven\operation\hash\simple\OperationRosenblattTransformationKDE.cpp">
      <Filter>Source Files</Filter>
    </ClCompile>
    <ClCompile Include="src\sgpp\datadriven\operation\hash\simple\OperationRosenblattTransformationLinear.cpp">
      <Filter>Source Files</Filter>
    </ClCompile>
    <ClCompile Include="src\sgpp\datadriven\operation\hash\simple\OperationRosenblattTransformationModBspline.cpp">
      <Filter>Source Files</Filter>
    </ClCompile>
    <ClCompile Include="src\sgpp\datadriven\operation\hash\simple\OperationRosenblattTransformationModBsplineClenshawCurtis.cpp">
      <Filter>Source Files</Filter>
    </ClCompile>
    <ClCompile Include="src\sgpp\datadriven\operation\hash\simple\OperationRosenblattTransformationModPoly.cpp">
      <Filter>Source Files</Filter>
    </ClCompile>
    <ClCompile Include="src\sgpp\datadriven\operation\hash\simple\OperationRosenblattTransformationModPolyClenshawCurtis.cpp">
      <Filter>Source Files</Filter>
    </ClCompile>
    <ClCompile Include="src\sgpp\datadriven\operation\hash\simple\OperationRosenblattTransformationPoly.cpp">
      <Filter>Source Files</Filter>
    </ClCompile>
    <ClCompile Include="src\sgpp\datadriven\operation\hash\simple\OperationRosenblattTransformationPolyBoundary.cpp">
      <Filter>Source Files</Filter>
    </ClCompile>
    <ClCompile Include="src\sgpp\datadriven\operation\hash\simple\OperationRosenblattTransformationPolyClenshawCurtis.cpp">
      <Filter>Source Files</Filter>
    </ClCompile>
    <ClCompile Include="src\sgpp\datadriven\operation\hash\simple\OperationRosenblattTransformationPolyClenshawCurtisBoundary.cpp">
      <Filter>Source Files</Filter>
    </ClCompile>
    <ClCompile Include="src\sgpp\datadriven\operation\hash\simple\OperationTestLinear.cpp">
      <Filter>Source Files</Filter>
    </ClCompile>
    <ClCompile Include="src\sgpp\datadriven\operation\hash\simple\OperationTestLinearBoundary.cpp">
      <Filter>Source Files</Filter>
    </ClCompile>
    <ClCompile Include="src\sgpp\datadriven\operation\hash\simple\OperationTestLinearStretched.cpp">
      <Filter>Source Files</Filter>
    </ClCompile>
    <ClCompile Include="src\sgpp\datadriven\operation\hash\simple\OperationTestLinearStretchedBoundary.cpp">
      <Filter>Source Files</Filter>
    </ClCompile>
    <ClCompile Include="src\sgpp\datadriven\operation\hash\simple\OperationTestModBspline.cpp">
      <Filter>Source Files</Filter>
    </ClCompile>
    <ClCompile Include="src\sgpp\datadriven\operation\hash\simple\OperationTestModLinear.cpp">
      <Filter>Source Files</Filter>
    </ClCompile>
    <ClCompile Include="src\sgpp\datadriven\operation\hash\simple\OperationTestModPoly.cpp">
      <Filter>Source Files</Filter>
    </ClCompile>
    <ClCompile Include="src\sgpp\datadriven\operation\hash\simple\OperationTestModWavelet.cpp">
      <Filter>Source Files</Filter>
    </ClCompile>
    <ClCompile Include="src\sgpp\datadriven\operation\hash\simple\OperationTestPoly.cpp">
      <Filter>Source Files</Filter>
    </ClCompile>
    <ClCompile Include="src\sgpp\datadriven\operation\hash\simple\OperationTestPrewavelet.cpp">
      <Filter>Source Files</Filter>
    </ClCompile>
    <ClCompile Include="src\sgpp\datadriven\tools\mortonOrder\MortonOrder.cpp">
      <Filter>Source Files</Filter>
    </ClCompile>
    <ClCompile Include="src\sgpp\datadriven\tools\ARFFTools.cpp">
      <Filter>Source Files</Filter>
    </ClCompile>
    <ClCompile Include="src\sgpp\datadriven\tools\CSVTools.cpp">
      <Filter>Source Files</Filter>
    </ClCompile>
    <ClCompile Include="src\sgpp\datadriven\tools\CSVWriter.cpp">
      <Filter>Source Files</Filter>
    </ClCompile>
    <ClCompile Include="src\sgpp\datadriven\tools\Dataset.cpp">
      <Filter>Source Files</Filter>
    </ClCompile>
    <ClCompile Include="src\sgpp\datadriven\tools\DatasetGenerator.cpp">
      <Filter>Source Files</Filter>
    </ClCompile>
    <ClCompile Include="src\sgpp\datadriven\tools\DatasetTools.cpp">
      <Filter>Source Files</Filter>
    </ClCompile>
    <ClCompile Include="src\sgpp\datadriven\tools\LearnerVectorizedPerformanceCalculator.cpp">
      <Filter>Source Files</Filter>
    </ClCompile>
    <ClCompile Include="src\sgpp\datadriven\tools\NearestNeighbors.cpp">
      <Filter>Source Files</Filter>
    </ClCompile>
    <ClCompile Include="src\sgpp\datadriven\tools\PartitioningTool.cpp">
      <Filter>Source Files</Filter>
    </ClCompile>
    <ClCompile Include="src\sgpp\datadriven\tools\SortedDataset.cpp">
      <Filter>Source Files</Filter>
    </ClCompile>
    <ClCompile Include="src\sgpp\datadriven\DatadrivenOpFactory.cpp">
      <Filter>Source Files</Filter>
    </ClCompile>
    <ClCompile Include="src\sgpp\datadriven\datamining\modules\hpo\HarmonicaHyperparameterOptimizer.cpp">
      <Filter>Source Files</Filter>
    </ClCompile>
    <ClCompile Include="src\sgpp\datadriven\datamining\modules\hpo\BoHyperparameterOptimizer.cpp">
      <Filter>Source Files</Filter>
    </ClCompile>
    <ClCompile Include="src\sgpp\datadriven\scalapack\BlacsProcessGrid.cpp">
      <Filter>Source Files</Filter>
    </ClCompile>
    <ClCompile Include="src\sgpp\datadriven\scalapack\DataMatrixDistributed.cpp">
      <Filter>Source Files</Filter>
    </ClCompile>
    <ClCompile Include="src\sgpp\datadriven\scalapack\DataVectorDistributed.cpp">
      <Filter>Source Files</Filter>
    </ClCompile>
    <ClCompile Include="src\sgpp\datadriven\datamining\modules\dataSource\shuffling\DataShufflingFunctorRandom.cpp">
      <Filter>Source Files</Filter>
    </ClCompile>
    <ClCompile Include="src\sgpp\datadriven\operation\hash\OperationMultiEvalStreaming\OperationMultiEvalStreaming.cpp">
      <Filter>Source Files</Filter>
    </ClCompile>
    <ClCompile Include="src\sgpp\datadriven\operation\hash\OperationMultiEvalStreaming\OperationMultiEvalStreaming_multImpl.cpp">
      <Filter>Source Files</Filter>
    </ClCompile>
    <ClCompile Include="src\sgpp\datadriven\operation\hash\OperationMultiEvalStreaming\OperationMultiEvalStreaming_multTransposeImpl.cpp">
      <Filter>Source Files</Filter>
    </ClCompile>
    <ClCompile Include="src\sgpp\datadriven\operation\hash\OperationMultiEvalModMaskStreaming\OperationMultiEvalModMaskStreaming.cpp">
      <Filter>Source Files</Filter>
    </ClCompile>
    <ClCompile Include="src\sgpp\datadriven\operation\hash\OperationMultiEvalModMaskStreaming\OperationMultiEvalModMaskStreaming_multImpl.cpp">
      <Filter>Source Files</Filter>
    </ClCompile>
    <ClCompile Include="src\sgpp\datadriven\operation\hash\OperationMultiEvalModMaskStreaming\OperationMultiEvalModMaskStreaming_multTransposeImpl.cpp">
      <Filter>Source Files</Filter>
    </ClCompile>
  </ItemGroup>
  <ItemGroup>
    <None Include="packages.config" />
  </ItemGroup>
</Project>