<?xml version="1.0" encoding="utf-8"?>
<Project ToolsVersion="4.0" xmlns="http://schemas.microsoft.com/developer/msbuild/2003">
  <ItemGroup>
    <Filter Include="Source Files">
      <UniqueIdentifier>{4FC737F1-C7A5-4376-A066-2A32D752A2FF}</UniqueIdentifier>
      <Extensions>cpp;c;cc;cxx;c++;cppm;ixx;def;odl;idl;hpj;bat;asm;asmx</Extensions>
    </Filter>
    <Filter Include="Header Files">
      <UniqueIdentifier>{93995380-89BD-4b04-88EB-625FBE52EBFB}</UniqueIdentifier>
      <Extensions>h;hh;hpp;hxx;h++;hm;inl;inc;ipp;xsd</Extensions>
    </Filter>
    <Filter Include="Resource Files">
      <UniqueIdentifier>{67DA6AB6-F800-4c08-8B7A-83BB121AAD01}</UniqueIdentifier>
      <Extensions>rc;ico;cur;bmp;dlg;rc2;rct;bin;rgs;gif;jpg;jpeg;jpe;resx;tiff;tif;png;wav;mfcribbon-ms</Extensions>
    </Filter>
  </ItemGroup>
  <ItemGroup>
    <None Include="packages.config" />
  </ItemGroup>
  <ItemGroup>
    <ClCompile Include="src\sgpp\combigrid\adaptive\AdaptiveCombinationGridGenerator.cpp">
      <Filter>Source Files</Filter>
    </ClCompile>
    <ClCompile Include="src\sgpp\combigrid\adaptive\AveragingPriorityEstimator.cpp">
      <Filter>Source Files</Filter>
    </ClCompile>
    <ClCompile Include="src\sgpp\combigrid\adaptive\WeightedRelevanceCalculator.cpp">
      <Filter>Source Files</Filter>
    </ClCompile>
    <ClCompile Include="src\sgpp\combigrid\grid\CombinationGrid.cpp">
      <Filter>Source Files</Filter>
    </ClCompile>
    <ClCompile Include="src\sgpp\combigrid\grid\FullGrid.cpp">
      <Filter>Source Files</Filter>
    </ClCompile>
    <ClCompile Include="src\sgpp\combigrid\operation\OperationEvalCombinationGrid.cpp">
      <Filter>Source Files</Filter>
    </ClCompile>
    <ClCompile Include="src\sgpp\combigrid\operation\OperationEvalFullGrid.cpp">
      <Filter>Source Files</Filter>
    </ClCompile>
    <ClCompile Include="src\sgpp\combigrid\operation\OperationPoleDehierarchisationLinear.cpp">
      <Filter>Source Files</Filter>
    </ClCompile>
    <ClCompile Include="src\sgpp\combigrid\operation\OperationPoleHierarchisationGeneral.cpp">
      <Filter>Source Files</Filter>
    </ClCompile>
    <ClCompile Include="src\sgpp\combigrid\operation\OperationPoleHierarchisationLinear.cpp">
      <Filter>Source Files</Filter>
    </ClCompile>
    <ClCompile Include="src\sgpp\combigrid\operation\OperationPoleNodalisationBspline.cpp">
      <Filter>Source Files</Filter>
    </ClCompile>
    <ClCompile Include="src\sgpp\combigrid\operation\OperationPoleNodalisationLinear.cpp">
      <Filter>Source Files</Filter>
    </ClCompile>
    <ClCompile Include="src\sgpp\combigrid\operation\OperationUPCombinationGrid.cpp">
      <Filter>Source Files</Filter>
    </ClCompile>
    <ClCompile Include="src\sgpp\combigrid\operation\OperationUPFullGrid.cpp">
      <Filter>Source Files</Filter>
    </ClCompile>
    <ClCompile Include="src\sgpp\combigrid\tools\LevelVectorTools.cpp">
      <Filter>Source Files</Filter>
    </ClCompile>
  </ItemGroup>
  <ItemGroup>
    <ClInclude Include="src\sgpp\combigrid\adaptive\AdaptiveCombinationGridGenerator.hpp">
      <Filter>Header Files</Filter>
    </ClInclude>
    <ClInclude Include="src\sgpp\combigrid\adaptive\AveragingPriorityEstimator.hpp">
      <Filter>Header Files</Filter>
    </ClInclude>
    <ClInclude Include="src\sgpp\combigrid\adaptive\PriorityEstimator.hpp">
      <Filter>Header Files</Filter>
    </ClInclude>
    <ClInclude Include="src\sgpp\combigrid\adaptive\RelevanceCalculator.hpp">
      <Filter>Header Files</Filter>
    </ClInclude>
    <ClInclude Include="src\sgpp\combigrid\adaptive\WeightedRelevanceCalculator.hpp">
      <Filter>Header Files</Filter>
    </ClInclude>
    <ClInclude Include="src\sgpp\combigrid\basis\HeterogeneousBasis.hpp">
      <Filter>Header Files</Filter>
    </ClInclude>
    <ClInclude Include="src\sgpp\combigrid\grid\CombinationGrid.hpp">
      <Filter>Header Files</Filter>
    </ClInclude>
    <ClInclude Include="src\sgpp\combigrid\grid\FullGrid.hpp">
      <Filter>Header Files</Filter>
    </ClInclude>
    <ClInclude Include="src\sgpp\combigrid\operation\OperationEvalCombinationGrid.hpp">
      <Filter>Header Files</Filter>
    </ClInclude>
    <ClInclude Include="src\sgpp\combigrid\operation\OperationEvalFullGrid.hpp">
      <Filter>Header Files</Filter>
    </ClInclude>
    <ClInclude Include="src\sgpp\combigrid\operation\OperationPole.hpp">
      <Filter>Header Files</Filter>
    </ClInclude>
    <ClInclude Include="src\sgpp\combigrid\operation\OperationPoleDehierarchisationLinear.hpp">
      <Filter>Header Files</Filter>
    </ClInclude>
    <ClInclude Include="src\sgpp\combigrid\operation\OperationPoleHierarchisationGeneral.hpp">
      <Filter>Header Files</Filter>
    </ClInclude>
    <ClInclude Include="src\sgpp\combigrid\operation\OperationPoleHierarchisationLinear.hpp">
      <Filter>Header Files</Filter>
    </ClInclude>
    <ClInclude Include="src\sgpp\combigrid\operation\OperationPoleNodalisationBspline.hpp">
      <Filter>Header Files</Filter>
    </ClInclude>
    <ClInclude Include="src\sgpp\combigrid\operation\OperationPoleNodalisationLinear.hpp">
      <Filter>Header Files</Filter>
    </ClInclude>
    <ClInclude Include="src\sgpp\combigrid\operation\OperationUPCombinationGrid.hpp">
      <Filter>Header Files</Filter>
    </ClInclude>
    <ClInclude Include="src\sgpp\combigrid\operation\OperationUPFullGrid.hpp">
      <Filter>Header Files</Filter>
    </ClInclude>
    <ClInclude Include="src\sgpp\combigrid\tools\IndexVectorIterator.hpp">
      <Filter>Header Files</Filter>
    </ClInclude>
    <ClInclude Include="src\sgpp\combigrid\tools\IndexVectorRange.hpp">
      <Filter>Header Files</Filter>
    </ClInclude>
    <ClInclude Include="src\sgpp\combigrid\tools\LevelVectorTools.hpp">
      <Filter>Header Files</Filter>
    </ClInclude>
    <ClInclude Include="src\sgpp\combigrid\LevelIndexTypes.hpp">
      <Filter>Header Files</Filter>
    </ClInclude>
    <ClInclude Include="src\sgpp_combigrid.hpp">
      <Filter>Header Files</Filter>
    </ClInclude>
  </ItemGroup>
</Project>